// !$*UTF8*$!
{
	archiveVersion = 1;
	classes = {
	};
	objectVersion = 45;
	objects = {

/* Begin PBXBuildFile section */
		090933880F98E4E4007681CF /* AsyncObject.m in Sources */ = {isa = PBXBuildFile; fileRef = 0909330C0F98E4E3007681CF /* AsyncObject.m */; };
		090933890F98E4E4007681CF /* UIBlockingAsyncObject.m in Sources */ = {isa = PBXBuildFile; fileRef = 0909330E0F98E4E3007681CF /* UIBlockingAsyncObject.m */; };
		0909338F0F98E4E4007681CF /* CGGeometry+Utils.m in Sources */ = {isa = PBXBuildFile; fileRef = 0909331C0F98E4E3007681CF /* CGGeometry+Utils.m */; };
		090933900F98E4E4007681CF /* CollectionWindow.m in Sources */ = {isa = PBXBuildFile; fileRef = 0909331E0F98E4E3007681CF /* CollectionWindow.m */; };
		090933950F98E4E4007681CF /* AgreementCell.m in Sources */ = {isa = PBXBuildFile; fileRef = 0909332B0F98E4E3007681CF /* AgreementCell.m */; };
		090933960F98E4E4007681CF /* AgreementController.m in Sources */ = {isa = PBXBuildFile; fileRef = 0909332D0F98E4E3007681CF /* AgreementController.m */; };
		090933970F98E4E4007681CF /* DateTimeCell.m in Sources */ = {isa = PBXBuildFile; fileRef = 0909332F0F98E4E3007681CF /* DateTimeCell.m */; };
		090933980F98E4E4007681CF /* FormCell.m in Sources */ = {isa = PBXBuildFile; fileRef = 090933310F98E4E3007681CF /* FormCell.m */; };
		090933990F98E4E4007681CF /* FormController.m in Sources */ = {isa = PBXBuildFile; fileRef = 090933330F98E4E3007681CF /* FormController.m */; };
		0909339A0F98E4E4007681CF /* FormDatePickerView.m in Sources */ = {isa = PBXBuildFile; fileRef = 090933350F98E4E3007681CF /* FormDatePickerView.m */; };
		0909339B0F98E4E4007681CF /* FormFieldDescriptor.m in Sources */ = {isa = PBXBuildFile; fileRef = 090933370F98E4E4007681CF /* FormFieldDescriptor.m */; };
		0909339C0F98E4E4007681CF /* FormTableController.m in Sources */ = {isa = PBXBuildFile; fileRef = 090933390F98E4E4007681CF /* FormTableController.m */; };
		0909339D0F98E4E4007681CF /* ForwardingLabel.m in Sources */ = {isa = PBXBuildFile; fileRef = 0909333B0F98E4E4007681CF /* ForwardingLabel.m */; };
		0909339E0F98E4E4007681CF /* SelectionController.m in Sources */ = {isa = PBXBuildFile; fileRef = 0909333D0F98E4E4007681CF /* SelectionController.m */; };
		0909339F0F98E4E4007681CF /* StaticFormCell.m in Sources */ = {isa = PBXBuildFile; fileRef = 0909333F0F98E4E4007681CF /* StaticFormCell.m */; };
		090933A00F98E4E4007681CF /* SwitchCell.m in Sources */ = {isa = PBXBuildFile; fileRef = 090933410F98E4E4007681CF /* SwitchCell.m */; };
		090933A10F98E4E4007681CF /* TextEditController.m in Sources */ = {isa = PBXBuildFile; fileRef = 090933430F98E4E4007681CF /* TextEditController.m */; };
		090933A20F98E4E4007681CF /* TextFieldCell.m in Sources */ = {isa = PBXBuildFile; fileRef = 090933450F98E4E4007681CF /* TextFieldCell.m */; };
		090933A30F98E4E4007681CF /* TitledFormCell.m in Sources */ = {isa = PBXBuildFile; fileRef = 090933470F98E4E4007681CF /* TitledFormCell.m */; };
		090933A40F98E4E4007681CF /* POXMapping.m in Sources */ = {isa = PBXBuildFile; fileRef = 0909334B0F98E4E4007681CF /* POXMapping.m */; };
		090933A50F98E4E4007681CF /* POXMappingUtil.m in Sources */ = {isa = PBXBuildFile; fileRef = 0909334D0F98E4E4007681CF /* POXMappingUtil.m */; };
		090933A60F98E4E4007681CF /* SelfDescribing.m in Sources */ = {isa = PBXBuildFile; fileRef = 0909334F0F98E4E4007681CF /* SelfDescribing.m */; };
		090933A70F98E4E4007681CF /* NSArray+Graphics.m in Sources */ = {isa = PBXBuildFile; fileRef = 090933510F98E4E4007681CF /* NSArray+Graphics.m */; };
		090933A80F98E4E4007681CF /* NSArray+Utils.m in Sources */ = {isa = PBXBuildFile; fileRef = 090933530F98E4E4007681CF /* NSArray+Utils.m */; };
		090933A90F98E4E4007681CF /* NSBundle+Utils.m in Sources */ = {isa = PBXBuildFile; fileRef = 090933550F98E4E4007681CF /* NSBundle+Utils.m */; };
		090933AA0F98E4E4007681CF /* NSData+Utils.m in Sources */ = {isa = PBXBuildFile; fileRef = 090933580F98E4E4007681CF /* NSData+Utils.m */; };
		090933AB0F98E4E4007681CF /* NSDate+Utils.m in Sources */ = {isa = PBXBuildFile; fileRef = 0909335A0F98E4E4007681CF /* NSDate+Utils.m */; };
		090933AC0F98E4E4007681CF /* NSError+Utils.m in Sources */ = {isa = PBXBuildFile; fileRef = 0909335C0F98E4E4007681CF /* NSError+Utils.m */; };
		090933AD0F98E4E4007681CF /* NSMutableArray+Utils.m in Sources */ = {isa = PBXBuildFile; fileRef = 0909335E0F98E4E4007681CF /* NSMutableArray+Utils.m */; };
		090933AE0F98E4E4007681CF /* NSObject+Utils.m in Sources */ = {isa = PBXBuildFile; fileRef = 090933600F98E4E4007681CF /* NSObject+Utils.m */; };
		090933AF0F98E4E4007681CF /* NSString+Utils.m in Sources */ = {isa = PBXBuildFile; fileRef = 090933620F98E4E4007681CF /* NSString+Utils.m */; };
		090933B00F98E4E4007681CF /* NSUserDefaults+Utils.m in Sources */ = {isa = PBXBuildFile; fileRef = 090933640F98E4E4007681CF /* NSUserDefaults+Utils.m */; };
		090933B20F98E4E4007681CF /* SoapCustomEntity.m in Sources */ = {isa = PBXBuildFile; fileRef = 0909336A0F98E4E4007681CF /* SoapCustomEntity.m */; };
		090933B30F98E4E4007681CF /* SoapDeenveloper.m in Sources */ = {isa = PBXBuildFile; fileRef = 0909336C0F98E4E4007681CF /* SoapDeenveloper.m */; };
		090933B40F98E4E4007681CF /* SoapEnveloper.m in Sources */ = {isa = PBXBuildFile; fileRef = 0909336F0F98E4E4007681CF /* SoapEnveloper.m */; };
		090933B50F98E4E4007681CF /* SoapRequest.m in Sources */ = {isa = PBXBuildFile; fileRef = 090933710F98E4E4007681CF /* SoapRequest.m */; };
		090933B60F98E4E4007681CF /* UIAlertView+Utils.m in Sources */ = {isa = PBXBuildFile; fileRef = 090933730F98E4E4007681CF /* UIAlertView+Utils.m */; };
		090933B70F98E4E4007681CF /* UIApplication+Utils.m in Sources */ = {isa = PBXBuildFile; fileRef = 090933750F98E4E4007681CF /* UIApplication+Utils.m */; };
		090933B80F98E4E4007681CF /* UIImage+Utils.m in Sources */ = {isa = PBXBuildFile; fileRef = 090933770F98E4E4007681CF /* UIImage+Utils.m */; };
		090933B90F98E4E4007681CF /* UIView+Utils.m in Sources */ = {isa = PBXBuildFile; fileRef = 090933790F98E4E4007681CF /* UIView+Utils.m */; };
		090933BA0F98E4E4007681CF /* UIWebView+Utils.m in Sources */ = {isa = PBXBuildFile; fileRef = 0909337B0F98E4E4007681CF /* UIWebView+Utils.m */; };
		090933BB0F98E4E4007681CF /* UITableViewCell+NIB.m in Sources */ = {isa = PBXBuildFile; fileRef = 0909337E0F98E4E4007681CF /* UITableViewCell+NIB.m */; };
		090933BC0F98E4E4007681CF /* UIView+Rotation.m in Sources */ = {isa = PBXBuildFile; fileRef = 090933800F98E4E4007681CF /* UIView+Rotation.m */; };
		090933BD0F98E4E4007681CF /* RESTService.m in Sources */ = {isa = PBXBuildFile; fileRef = 090933830F98E4E4007681CF /* RESTService.m */; };
		090933BE0F98E4E4007681CF /* WebParams.m in Sources */ = {isa = PBXBuildFile; fileRef = 090933850F98E4E4007681CF /* WebParams.m */; };
		090933BF0F98E4E4007681CF /* XMLWriter.m in Sources */ = {isa = PBXBuildFile; fileRef = 090933870F98E4E4007681CF /* XMLWriter.m */; };
		090933C70F98E5F1007681CF /* SoapRequestTest.m in Sources */ = {isa = PBXBuildFile; fileRef = 090933C60F98E5F1007681CF /* SoapRequestTest.m */; };
		09309BA40F7B9267008A61C5 /* UIKit.framework in Frameworks */ = {isa = PBXBuildFile; fileRef = 1DF5F4DF0D08C38300B7A737 /* UIKit.framework */; };
		09309BA50F7B9267008A61C5 /* Foundation.framework in Frameworks */ = {isa = PBXBuildFile; fileRef = 1D30AB110D05D00D00671497 /* Foundation.framework */; };
		09309BA60F7B9267008A61C5 /* CoreGraphics.framework in Frameworks */ = {isa = PBXBuildFile; fileRef = 288765FC0DF74451002DB57D /* CoreGraphics.framework */; };
		09309BAD0F7B92A3008A61C5 /* GTMIPhoneUnitTestDelegate.m in Sources */ = {isa = PBXBuildFile; fileRef = 09309BA90F7B92A3008A61C5 /* GTMIPhoneUnitTestDelegate.m */; };
		09309BAE0F7B92A3008A61C5 /* GTMIPhoneUnitTestMain.m in Sources */ = {isa = PBXBuildFile; fileRef = 09309BAA0F7B92A3008A61C5 /* GTMIPhoneUnitTestMain.m */; };
		09309BAF0F7B92A3008A61C5 /* GTMSenTestCase.m in Sources */ = {isa = PBXBuildFile; fileRef = 09309BAC0F7B92A3008A61C5 /* GTMSenTestCase.m */; };
		09309C5F0F7B938D008A61C5 /* SoapEnveloperTest.m in Sources */ = {isa = PBXBuildFile; fileRef = 09309C5E0F7B938D008A61C5 /* SoapEnveloperTest.m */; };
		09309C630F7B944F008A61C5 /* TestObject.m in Sources */ = {isa = PBXBuildFile; fileRef = 09309C620F7B944F008A61C5 /* TestObject.m */; };
		09309D490F7BBD60008A61C5 /* TestHeader.m in Sources */ = {isa = PBXBuildFile; fileRef = 09309D480F7BBD60008A61C5 /* TestHeader.m */; };
		09309E0A0F7CBAD7008A61C5 /* SoapDeenveloperTest.m in Sources */ = {isa = PBXBuildFile; fileRef = 09309E090F7CBAD7008A61C5 /* SoapDeenveloperTest.m */; };
		09309E450F7CC83E008A61C5 /* TestObjectTest.m in Sources */ = {isa = PBXBuildFile; fileRef = 09309E440F7CC83E008A61C5 /* TestObjectTest.m */; };
		09309E980F7CD380008A61C5 /* CXMLDocument.m in Sources */ = {isa = PBXBuildFile; fileRef = 09309E8C0F7CD380008A61C5 /* CXMLDocument.m */; };
		09309E990F7CD380008A61C5 /* CXMLDocument_PrivateExtensions.m in Sources */ = {isa = PBXBuildFile; fileRef = 09309E8E0F7CD380008A61C5 /* CXMLDocument_PrivateExtensions.m */; };
		09309E9A0F7CD380008A61C5 /* CXMLElement.m in Sources */ = {isa = PBXBuildFile; fileRef = 09309E900F7CD380008A61C5 /* CXMLElement.m */; };
		09309E9B0F7CD380008A61C5 /* CXMLNode.m in Sources */ = {isa = PBXBuildFile; fileRef = 09309E920F7CD380008A61C5 /* CXMLNode.m */; };
		09309E9C0F7CD380008A61C5 /* CXMLNode_PrivateExtensions.m in Sources */ = {isa = PBXBuildFile; fileRef = 09309E940F7CD380008A61C5 /* CXMLNode_PrivateExtensions.m */; };
		09309E9D0F7CD380008A61C5 /* CXMLNode_XPathExtensions.m in Sources */ = {isa = PBXBuildFile; fileRef = 09309E960F7CD380008A61C5 /* CXMLNode_XPathExtensions.m */; };
		09449C6E0F8CE6CD009FC5B3 /* SoapCustomEntityTest.m in Sources */ = {isa = PBXBuildFile; fileRef = 09449C6D0F8CE6CD009FC5B3 /* SoapCustomEntityTest.m */; };
		09BEFF000F8B555900FD35CD /* ContainerObject.m in Sources */ = {isa = PBXBuildFile; fileRef = 09BEFEFF0F8B555900FD35CD /* ContainerObject.m */; };
		09BEFF030F8B558200FD35CD /* NestedObject.m in Sources */ = {isa = PBXBuildFile; fileRef = 09BEFF020F8B558200FD35CD /* NestedObject.m */; };
/* End PBXBuildFile section */

/* Begin PBXFileReference section */
		0909330B0F98E4E3007681CF /* AsyncObject.h */ = {isa = PBXFileReference; fileEncoding = 4; lastKnownFileType = sourcecode.c.h; path = AsyncObject.h; sourceTree = "<group>"; };
		0909330C0F98E4E3007681CF /* AsyncObject.m */ = {isa = PBXFileReference; fileEncoding = 4; lastKnownFileType = sourcecode.c.objc; path = AsyncObject.m; sourceTree = "<group>"; };
		0909330D0F98E4E3007681CF /* UIBlockingAsyncObject.h */ = {isa = PBXFileReference; fileEncoding = 4; lastKnownFileType = sourcecode.c.h; path = UIBlockingAsyncObject.h; sourceTree = "<group>"; };
		0909330E0F98E4E3007681CF /* UIBlockingAsyncObject.m */ = {isa = PBXFileReference; fileEncoding = 4; lastKnownFileType = sourcecode.c.objc; path = UIBlockingAsyncObject.m; sourceTree = "<group>"; };
		0909330F0F98E4E3007681CF /* UIBlockingView.h */ = {isa = PBXFileReference; fileEncoding = 4; lastKnownFileType = sourcecode.c.h; path = UIBlockingView.h; sourceTree = "<group>"; };
		0909331B0F98E4E3007681CF /* CGGeometry+Utils.h */ = {isa = PBXFileReference; fileEncoding = 4; lastKnownFileType = sourcecode.c.h; path = "CGGeometry+Utils.h"; sourceTree = "<group>"; };
		0909331C0F98E4E3007681CF /* CGGeometry+Utils.m */ = {isa = PBXFileReference; fileEncoding = 4; lastKnownFileType = sourcecode.c.objc; path = "CGGeometry+Utils.m"; sourceTree = "<group>"; };
		0909331D0F98E4E3007681CF /* CollectionWindow.h */ = {isa = PBXFileReference; fileEncoding = 4; lastKnownFileType = sourcecode.c.h; path = CollectionWindow.h; sourceTree = "<group>"; };
		0909331E0F98E4E3007681CF /* CollectionWindow.m */ = {isa = PBXFileReference; fileEncoding = 4; lastKnownFileType = sourcecode.c.objc; path = CollectionWindow.m; sourceTree = "<group>"; };
		0909331F0F98E4E3007681CF /* CommonUtils.h */ = {isa = PBXFileReference; fileEncoding = 4; lastKnownFileType = sourcecode.c.h; path = CommonUtils.h; sourceTree = "<group>"; };
		0909332A0F98E4E3007681CF /* AgreementCell.h */ = {isa = PBXFileReference; fileEncoding = 4; lastKnownFileType = sourcecode.c.h; path = AgreementCell.h; sourceTree = "<group>"; };
		0909332B0F98E4E3007681CF /* AgreementCell.m */ = {isa = PBXFileReference; fileEncoding = 4; lastKnownFileType = sourcecode.c.objc; path = AgreementCell.m; sourceTree = "<group>"; };
		0909332C0F98E4E3007681CF /* AgreementController.h */ = {isa = PBXFileReference; fileEncoding = 4; lastKnownFileType = sourcecode.c.h; path = AgreementController.h; sourceTree = "<group>"; };
		0909332D0F98E4E3007681CF /* AgreementController.m */ = {isa = PBXFileReference; fileEncoding = 4; lastKnownFileType = sourcecode.c.objc; path = AgreementController.m; sourceTree = "<group>"; };
		0909332E0F98E4E3007681CF /* DateTimeCell.h */ = {isa = PBXFileReference; fileEncoding = 4; lastKnownFileType = sourcecode.c.h; path = DateTimeCell.h; sourceTree = "<group>"; };
		0909332F0F98E4E3007681CF /* DateTimeCell.m */ = {isa = PBXFileReference; fileEncoding = 4; lastKnownFileType = sourcecode.c.objc; path = DateTimeCell.m; sourceTree = "<group>"; };
		090933300F98E4E3007681CF /* FormCell.h */ = {isa = PBXFileReference; fileEncoding = 4; lastKnownFileType = sourcecode.c.h; path = FormCell.h; sourceTree = "<group>"; };
		090933310F98E4E3007681CF /* FormCell.m */ = {isa = PBXFileReference; fileEncoding = 4; lastKnownFileType = sourcecode.c.objc; path = FormCell.m; sourceTree = "<group>"; };
		090933320F98E4E3007681CF /* FormController.h */ = {isa = PBXFileReference; fileEncoding = 4; lastKnownFileType = sourcecode.c.h; path = FormController.h; sourceTree = "<group>"; };
		090933330F98E4E3007681CF /* FormController.m */ = {isa = PBXFileReference; fileEncoding = 4; lastKnownFileType = sourcecode.c.objc; path = FormController.m; sourceTree = "<group>"; };
		090933340F98E4E3007681CF /* FormDatePickerView.h */ = {isa = PBXFileReference; fileEncoding = 4; lastKnownFileType = sourcecode.c.h; path = FormDatePickerView.h; sourceTree = "<group>"; };
		090933350F98E4E3007681CF /* FormDatePickerView.m */ = {isa = PBXFileReference; fileEncoding = 4; lastKnownFileType = sourcecode.c.objc; path = FormDatePickerView.m; sourceTree = "<group>"; };
		090933360F98E4E3007681CF /* FormFieldDescriptor.h */ = {isa = PBXFileReference; fileEncoding = 4; lastKnownFileType = sourcecode.c.h; path = FormFieldDescriptor.h; sourceTree = "<group>"; };
		090933370F98E4E4007681CF /* FormFieldDescriptor.m */ = {isa = PBXFileReference; fileEncoding = 4; lastKnownFileType = sourcecode.c.objc; path = FormFieldDescriptor.m; sourceTree = "<group>"; };
		090933380F98E4E4007681CF /* FormTableController.h */ = {isa = PBXFileReference; fileEncoding = 4; lastKnownFileType = sourcecode.c.h; path = FormTableController.h; sourceTree = "<group>"; };
		090933390F98E4E4007681CF /* FormTableController.m */ = {isa = PBXFileReference; fileEncoding = 4; lastKnownFileType = sourcecode.c.objc; path = FormTableController.m; sourceTree = "<group>"; };
		0909333A0F98E4E4007681CF /* ForwardingLabel.h */ = {isa = PBXFileReference; fileEncoding = 4; lastKnownFileType = sourcecode.c.h; path = ForwardingLabel.h; sourceTree = "<group>"; };
		0909333B0F98E4E4007681CF /* ForwardingLabel.m */ = {isa = PBXFileReference; fileEncoding = 4; lastKnownFileType = sourcecode.c.objc; path = ForwardingLabel.m; sourceTree = "<group>"; };
		0909333C0F98E4E4007681CF /* SelectionController.h */ = {isa = PBXFileReference; fileEncoding = 4; lastKnownFileType = sourcecode.c.h; path = SelectionController.h; sourceTree = "<group>"; };
		0909333D0F98E4E4007681CF /* SelectionController.m */ = {isa = PBXFileReference; fileEncoding = 4; lastKnownFileType = sourcecode.c.objc; path = SelectionController.m; sourceTree = "<group>"; };
		0909333E0F98E4E4007681CF /* StaticFormCell.h */ = {isa = PBXFileReference; fileEncoding = 4; lastKnownFileType = sourcecode.c.h; path = StaticFormCell.h; sourceTree = "<group>"; };
		0909333F0F98E4E4007681CF /* StaticFormCell.m */ = {isa = PBXFileReference; fileEncoding = 4; lastKnownFileType = sourcecode.c.objc; path = StaticFormCell.m; sourceTree = "<group>"; };
		090933400F98E4E4007681CF /* SwitchCell.h */ = {isa = PBXFileReference; fileEncoding = 4; lastKnownFileType = sourcecode.c.h; path = SwitchCell.h; sourceTree = "<group>"; };
		090933410F98E4E4007681CF /* SwitchCell.m */ = {isa = PBXFileReference; fileEncoding = 4; lastKnownFileType = sourcecode.c.objc; path = SwitchCell.m; sourceTree = "<group>"; };
		090933420F98E4E4007681CF /* TextEditController.h */ = {isa = PBXFileReference; fileEncoding = 4; lastKnownFileType = sourcecode.c.h; path = TextEditController.h; sourceTree = "<group>"; };
		090933430F98E4E4007681CF /* TextEditController.m */ = {isa = PBXFileReference; fileEncoding = 4; lastKnownFileType = sourcecode.c.objc; path = TextEditController.m; sourceTree = "<group>"; };
		090933440F98E4E4007681CF /* TextFieldCell.h */ = {isa = PBXFileReference; fileEncoding = 4; lastKnownFileType = sourcecode.c.h; path = TextFieldCell.h; sourceTree = "<group>"; };
		090933450F98E4E4007681CF /* TextFieldCell.m */ = {isa = PBXFileReference; fileEncoding = 4; lastKnownFileType = sourcecode.c.objc; path = TextFieldCell.m; sourceTree = "<group>"; };
		090933460F98E4E4007681CF /* TitledFormCell.h */ = {isa = PBXFileReference; fileEncoding = 4; lastKnownFileType = sourcecode.c.h; path = TitledFormCell.h; sourceTree = "<group>"; };
		090933470F98E4E4007681CF /* TitledFormCell.m */ = {isa = PBXFileReference; fileEncoding = 4; lastKnownFileType = sourcecode.c.objc; path = TitledFormCell.m; sourceTree = "<group>"; };
		090933490F98E4E4007681CF /* ClassMetadata.h */ = {isa = PBXFileReference; fileEncoding = 4; lastKnownFileType = sourcecode.c.h; path = ClassMetadata.h; sourceTree = "<group>"; };
		0909334A0F98E4E4007681CF /* POXMapping.h */ = {isa = PBXFileReference; fileEncoding = 4; lastKnownFileType = sourcecode.c.h; path = POXMapping.h; sourceTree = "<group>"; };
		0909334B0F98E4E4007681CF /* POXMapping.m */ = {isa = PBXFileReference; fileEncoding = 4; lastKnownFileType = sourcecode.c.objc; path = POXMapping.m; sourceTree = "<group>"; };
		0909334C0F98E4E4007681CF /* POXMappingUtil.h */ = {isa = PBXFileReference; fileEncoding = 4; lastKnownFileType = sourcecode.c.h; path = POXMappingUtil.h; sourceTree = "<group>"; };
		0909334D0F98E4E4007681CF /* POXMappingUtil.m */ = {isa = PBXFileReference; fileEncoding = 4; lastKnownFileType = sourcecode.c.objc; path = POXMappingUtil.m; sourceTree = "<group>"; };
		0909334E0F98E4E4007681CF /* SelfDescribing.h */ = {isa = PBXFileReference; fileEncoding = 4; lastKnownFileType = sourcecode.c.h; path = SelfDescribing.h; sourceTree = "<group>"; };
		0909334F0F98E4E4007681CF /* SelfDescribing.m */ = {isa = PBXFileReference; fileEncoding = 4; lastKnownFileType = sourcecode.c.objc; path = SelfDescribing.m; sourceTree = "<group>"; };
		090933500F98E4E4007681CF /* NSArray+Graphics.h */ = {isa = PBXFileReference; fileEncoding = 4; lastKnownFileType = sourcecode.c.h; path = "NSArray+Graphics.h"; sourceTree = "<group>"; };
		090933510F98E4E4007681CF /* NSArray+Graphics.m */ = {isa = PBXFileReference; fileEncoding = 4; lastKnownFileType = sourcecode.c.objc; path = "NSArray+Graphics.m"; sourceTree = "<group>"; };
		090933520F98E4E4007681CF /* NSArray+Utils.h */ = {isa = PBXFileReference; fileEncoding = 4; lastKnownFileType = sourcecode.c.h; path = "NSArray+Utils.h"; sourceTree = "<group>"; };
		090933530F98E4E4007681CF /* NSArray+Utils.m */ = {isa = PBXFileReference; fileEncoding = 4; lastKnownFileType = sourcecode.c.objc; path = "NSArray+Utils.m"; sourceTree = "<group>"; };
		090933540F98E4E4007681CF /* NSBundle+Utils.h */ = {isa = PBXFileReference; fileEncoding = 4; lastKnownFileType = sourcecode.c.h; path = "NSBundle+Utils.h"; sourceTree = "<group>"; };
		090933550F98E4E4007681CF /* NSBundle+Utils.m */ = {isa = PBXFileReference; fileEncoding = 4; lastKnownFileType = sourcecode.c.objc; path = "NSBundle+Utils.m"; sourceTree = "<group>"; };
		090933560F98E4E4007681CF /* NSCoding.h */ = {isa = PBXFileReference; fileEncoding = 4; lastKnownFileType = sourcecode.c.h; path = NSCoding.h; sourceTree = "<group>"; };
		090933570F98E4E4007681CF /* NSData+Utils.h */ = {isa = PBXFileReference; fileEncoding = 4; lastKnownFileType = sourcecode.c.h; path = "NSData+Utils.h"; sourceTree = "<group>"; };
		090933580F98E4E4007681CF /* NSData+Utils.m */ = {isa = PBXFileReference; fileEncoding = 4; lastKnownFileType = sourcecode.c.objc; path = "NSData+Utils.m"; sourceTree = "<group>"; };
		090933590F98E4E4007681CF /* NSDate+Utils.h */ = {isa = PBXFileReference; fileEncoding = 4; lastKnownFileType = sourcecode.c.h; path = "NSDate+Utils.h"; sourceTree = "<group>"; };
		0909335A0F98E4E4007681CF /* NSDate+Utils.m */ = {isa = PBXFileReference; fileEncoding = 4; lastKnownFileType = sourcecode.c.objc; path = "NSDate+Utils.m"; sourceTree = "<group>"; };
		0909335B0F98E4E4007681CF /* NSError+Utils.h */ = {isa = PBXFileReference; fileEncoding = 4; lastKnownFileType = sourcecode.c.h; path = "NSError+Utils.h"; sourceTree = "<group>"; };
		0909335C0F98E4E4007681CF /* NSError+Utils.m */ = {isa = PBXFileReference; fileEncoding = 4; lastKnownFileType = sourcecode.c.objc; path = "NSError+Utils.m"; sourceTree = "<group>"; };
		0909335D0F98E4E4007681CF /* NSMutableArray+Utils.h */ = {isa = PBXFileReference; fileEncoding = 4; lastKnownFileType = sourcecode.c.h; path = "NSMutableArray+Utils.h"; sourceTree = "<group>"; };
		0909335E0F98E4E4007681CF /* NSMutableArray+Utils.m */ = {isa = PBXFileReference; fileEncoding = 4; lastKnownFileType = sourcecode.c.objc; path = "NSMutableArray+Utils.m"; sourceTree = "<group>"; };
		0909335F0F98E4E4007681CF /* NSObject+Utils.h */ = {isa = PBXFileReference; fileEncoding = 4; lastKnownFileType = sourcecode.c.h; path = "NSObject+Utils.h"; sourceTree = "<group>"; };
		090933600F98E4E4007681CF /* NSObject+Utils.m */ = {isa = PBXFileReference; fileEncoding = 4; lastKnownFileType = sourcecode.c.objc; path = "NSObject+Utils.m"; sourceTree = "<group>"; };
		090933610F98E4E4007681CF /* NSString+Utils.h */ = {isa = PBXFileReference; fileEncoding = 4; lastKnownFileType = sourcecode.c.h; path = "NSString+Utils.h"; sourceTree = "<group>"; };
		090933620F98E4E4007681CF /* NSString+Utils.m */ = {isa = PBXFileReference; fileEncoding = 4; lastKnownFileType = sourcecode.c.objc; path = "NSString+Utils.m"; sourceTree = "<group>"; };
		090933630F98E4E4007681CF /* NSUserDefaults+Utils.h */ = {isa = PBXFileReference; fileEncoding = 4; lastKnownFileType = sourcecode.c.h; path = "NSUserDefaults+Utils.h"; sourceTree = "<group>"; };
		090933640F98E4E4007681CF /* NSUserDefaults+Utils.m */ = {isa = PBXFileReference; fileEncoding = 4; lastKnownFileType = sourcecode.c.objc; path = "NSUserDefaults+Utils.m"; sourceTree = "<group>"; };
		090933680F98E4E4007681CF /* Soap.h */ = {isa = PBXFileReference; fileEncoding = 4; lastKnownFileType = sourcecode.c.h; path = Soap.h; sourceTree = "<group>"; };
		090933690F98E4E4007681CF /* SoapCustomEntity.h */ = {isa = PBXFileReference; fileEncoding = 4; lastKnownFileType = sourcecode.c.h; path = SoapCustomEntity.h; sourceTree = "<group>"; };
		0909336A0F98E4E4007681CF /* SoapCustomEntity.m */ = {isa = PBXFileReference; fileEncoding = 4; lastKnownFileType = sourcecode.c.objc; path = SoapCustomEntity.m; sourceTree = "<group>"; };
		0909336B0F98E4E4007681CF /* SoapDeenveloper.h */ = {isa = PBXFileReference; fileEncoding = 4; lastKnownFileType = sourcecode.c.h; path = SoapDeenveloper.h; sourceTree = "<group>"; };
		0909336C0F98E4E4007681CF /* SoapDeenveloper.m */ = {isa = PBXFileReference; fileEncoding = 4; lastKnownFileType = sourcecode.c.objc; path = SoapDeenveloper.m; sourceTree = "<group>"; };
		0909336D0F98E4E4007681CF /* SoapEntityProto.h */ = {isa = PBXFileReference; fileEncoding = 4; lastKnownFileType = sourcecode.c.h; path = SoapEntityProto.h; sourceTree = "<group>"; };
		0909336E0F98E4E4007681CF /* SoapEnveloper.h */ = {isa = PBXFileReference; fileEncoding = 4; lastKnownFileType = sourcecode.c.h; path = SoapEnveloper.h; sourceTree = "<group>"; };
		0909336F0F98E4E4007681CF /* SoapEnveloper.m */ = {isa = PBXFileReference; fileEncoding = 4; lastKnownFileType = sourcecode.c.objc; path = SoapEnveloper.m; sourceTree = "<group>"; };
		090933700F98E4E4007681CF /* SoapRequest.h */ = {isa = PBXFileReference; fileEncoding = 4; lastKnownFileType = sourcecode.c.h; path = SoapRequest.h; sourceTree = "<group>"; };
		090933710F98E4E4007681CF /* SoapRequest.m */ = {isa = PBXFileReference; fileEncoding = 4; lastKnownFileType = sourcecode.c.objc; path = SoapRequest.m; sourceTree = "<group>"; };
		090933720F98E4E4007681CF /* UIAlertView+Utils.h */ = {isa = PBXFileReference; fileEncoding = 4; lastKnownFileType = sourcecode.c.h; path = "UIAlertView+Utils.h"; sourceTree = "<group>"; };
		090933730F98E4E4007681CF /* UIAlertView+Utils.m */ = {isa = PBXFileReference; fileEncoding = 4; lastKnownFileType = sourcecode.c.objc; path = "UIAlertView+Utils.m"; sourceTree = "<group>"; };
		090933740F98E4E4007681CF /* UIApplication+Utils.h */ = {isa = PBXFileReference; fileEncoding = 4; lastKnownFileType = sourcecode.c.h; path = "UIApplication+Utils.h"; sourceTree = "<group>"; };
		090933750F98E4E4007681CF /* UIApplication+Utils.m */ = {isa = PBXFileReference; fileEncoding = 4; lastKnownFileType = sourcecode.c.objc; path = "UIApplication+Utils.m"; sourceTree = "<group>"; };
		090933760F98E4E4007681CF /* UIImage+Utils.h */ = {isa = PBXFileReference; fileEncoding = 4; lastKnownFileType = sourcecode.c.h; path = "UIImage+Utils.h"; sourceTree = "<group>"; };
		090933770F98E4E4007681CF /* UIImage+Utils.m */ = {isa = PBXFileReference; fileEncoding = 4; lastKnownFileType = sourcecode.c.objc; path = "UIImage+Utils.m"; sourceTree = "<group>"; };
		090933780F98E4E4007681CF /* UIView+Utils.h */ = {isa = PBXFileReference; fileEncoding = 4; lastKnownFileType = sourcecode.c.h; path = "UIView+Utils.h"; sourceTree = "<group>"; };
		090933790F98E4E4007681CF /* UIView+Utils.m */ = {isa = PBXFileReference; fileEncoding = 4; lastKnownFileType = sourcecode.c.objc; path = "UIView+Utils.m"; sourceTree = "<group>"; };
		0909337A0F98E4E4007681CF /* UIWebView+Utils.h */ = {isa = PBXFileReference; fileEncoding = 4; lastKnownFileType = sourcecode.c.h; path = "UIWebView+Utils.h"; sourceTree = "<group>"; };
		0909337B0F98E4E4007681CF /* UIWebView+Utils.m */ = {isa = PBXFileReference; fileEncoding = 4; lastKnownFileType = sourcecode.c.objc; path = "UIWebView+Utils.m"; sourceTree = "<group>"; };
		0909337D0F98E4E4007681CF /* UITableViewCell+NIB.h */ = {isa = PBXFileReference; fileEncoding = 4; lastKnownFileType = sourcecode.c.h; path = "UITableViewCell+NIB.h"; sourceTree = "<group>"; };
		0909337E0F98E4E4007681CF /* UITableViewCell+NIB.m */ = {isa = PBXFileReference; fileEncoding = 4; lastKnownFileType = sourcecode.c.objc; path = "UITableViewCell+NIB.m"; sourceTree = "<group>"; };
		0909337F0F98E4E4007681CF /* UIView+Rotation.h */ = {isa = PBXFileReference; fileEncoding = 4; lastKnownFileType = sourcecode.c.h; path = "UIView+Rotation.h"; sourceTree = "<group>"; };
		090933800F98E4E4007681CF /* UIView+Rotation.m */ = {isa = PBXFileReference; fileEncoding = 4; lastKnownFileType = sourcecode.c.objc; path = "UIView+Rotation.m"; sourceTree = "<group>"; };
		090933820F98E4E4007681CF /* RESTService.h */ = {isa = PBXFileReference; fileEncoding = 4; lastKnownFileType = sourcecode.c.h; path = RESTService.h; sourceTree = "<group>"; };
		090933830F98E4E4007681CF /* RESTService.m */ = {isa = PBXFileReference; fileEncoding = 4; lastKnownFileType = sourcecode.c.objc; path = RESTService.m; sourceTree = "<group>"; };
		090933840F98E4E4007681CF /* WebParams.h */ = {isa = PBXFileReference; fileEncoding = 4; lastKnownFileType = sourcecode.c.h; path = WebParams.h; sourceTree = "<group>"; };
		090933850F98E4E4007681CF /* WebParams.m */ = {isa = PBXFileReference; fileEncoding = 4; lastKnownFileType = sourcecode.c.objc; path = WebParams.m; sourceTree = "<group>"; };
		090933860F98E4E4007681CF /* XMLWriter.h */ = {isa = PBXFileReference; fileEncoding = 4; lastKnownFileType = sourcecode.c.h; path = XMLWriter.h; sourceTree = "<group>"; };
		090933870F98E4E4007681CF /* XMLWriter.m */ = {isa = PBXFileReference; fileEncoding = 4; lastKnownFileType = sourcecode.c.objc; path = XMLWriter.m; sourceTree = "<group>"; };
		090933C60F98E5F1007681CF /* SoapRequestTest.m */ = {isa = PBXFileReference; fileEncoding = 4; lastKnownFileType = sourcecode.c.objc; path = SoapRequestTest.m; sourceTree = "<group>"; };
		09309B990F7B924A008A61C5 /* SoapTest.app */ = {isa = PBXFileReference; explicitFileType = wrapper.application; includeInIndex = 0; path = SoapTest.app; sourceTree = BUILT_PRODUCTS_DIR; };
		09309B9B0F7B924A008A61C5 /* SoapTest-Info.plist */ = {isa = PBXFileReference; lastKnownFileType = text.plist.xml; path = "SoapTest-Info.plist"; sourceTree = "<group>"; };
		09309BA80F7B92A3008A61C5 /* GTMIPhoneUnitTestDelegate.h */ = {isa = PBXFileReference; fileEncoding = 4; lastKnownFileType = sourcecode.c.h; name = GTMIPhoneUnitTestDelegate.h; path = "../google-toolbox-for-mac-1-5-1/UnitTesting/GTMIPhoneUnitTestDelegate.h"; sourceTree = SOURCE_ROOT; };
		09309BA90F7B92A3008A61C5 /* GTMIPhoneUnitTestDelegate.m */ = {isa = PBXFileReference; fileEncoding = 4; lastKnownFileType = sourcecode.c.objc; name = GTMIPhoneUnitTestDelegate.m; path = "../google-toolbox-for-mac-1-5-1/UnitTesting/GTMIPhoneUnitTestDelegate.m"; sourceTree = SOURCE_ROOT; };
		09309BAA0F7B92A3008A61C5 /* GTMIPhoneUnitTestMain.m */ = {isa = PBXFileReference; fileEncoding = 4; lastKnownFileType = sourcecode.c.objc; name = GTMIPhoneUnitTestMain.m; path = "../google-toolbox-for-mac-1-5-1/UnitTesting/GTMIPhoneUnitTestMain.m"; sourceTree = SOURCE_ROOT; };
		09309BAB0F7B92A3008A61C5 /* GTMSenTestCase.h */ = {isa = PBXFileReference; fileEncoding = 4; lastKnownFileType = sourcecode.c.h; name = GTMSenTestCase.h; path = "../google-toolbox-for-mac-1-5-1/UnitTesting/GTMSenTestCase.h"; sourceTree = SOURCE_ROOT; };
		09309BAC0F7B92A3008A61C5 /* GTMSenTestCase.m */ = {isa = PBXFileReference; fileEncoding = 4; lastKnownFileType = sourcecode.c.objc; name = GTMSenTestCase.m; path = "../google-toolbox-for-mac-1-5-1/UnitTesting/GTMSenTestCase.m"; sourceTree = SOURCE_ROOT; };
		09309BB00F7B92D2008A61C5 /* GTMDefines.h */ = {isa = PBXFileReference; fileEncoding = 4; lastKnownFileType = sourcecode.c.h; name = GTMDefines.h; path = "../google-toolbox-for-mac-1-5-1/GTMDefines.h"; sourceTree = SOURCE_ROOT; };
		09309C5E0F7B938D008A61C5 /* SoapEnveloperTest.m */ = {isa = PBXFileReference; fileEncoding = 4; lastKnownFileType = sourcecode.c.objc; path = SoapEnveloperTest.m; sourceTree = "<group>"; };
		09309C610F7B944F008A61C5 /* TestObject.h */ = {isa = PBXFileReference; fileEncoding = 4; lastKnownFileType = sourcecode.c.h; path = TestObject.h; sourceTree = "<group>"; };
		09309C620F7B944F008A61C5 /* TestObject.m */ = {isa = PBXFileReference; fileEncoding = 4; lastKnownFileType = sourcecode.c.objc; path = TestObject.m; sourceTree = "<group>"; };
		09309D470F7BBD60008A61C5 /* TestHeader.h */ = {isa = PBXFileReference; fileEncoding = 4; lastKnownFileType = sourcecode.c.h; path = TestHeader.h; sourceTree = "<group>"; };
		09309D480F7BBD60008A61C5 /* TestHeader.m */ = {isa = PBXFileReference; fileEncoding = 4; lastKnownFileType = sourcecode.c.objc; path = TestHeader.m; sourceTree = "<group>"; };
		09309E090F7CBAD7008A61C5 /* SoapDeenveloperTest.m */ = {isa = PBXFileReference; fileEncoding = 4; lastKnownFileType = sourcecode.c.objc; path = SoapDeenveloperTest.m; sourceTree = "<group>"; };
		09309E440F7CC83E008A61C5 /* TestObjectTest.m */ = {isa = PBXFileReference; fileEncoding = 4; lastKnownFileType = sourcecode.c.objc; path = TestObjectTest.m; sourceTree = "<group>"; };
		09309E8B0F7CD380008A61C5 /* CXMLDocument.h */ = {isa = PBXFileReference; fileEncoding = 4; lastKnownFileType = sourcecode.c.h; path = CXMLDocument.h; sourceTree = "<group>"; };
		09309E8C0F7CD380008A61C5 /* CXMLDocument.m */ = {isa = PBXFileReference; fileEncoding = 4; lastKnownFileType = sourcecode.c.objc; path = CXMLDocument.m; sourceTree = "<group>"; };
		09309E8D0F7CD380008A61C5 /* CXMLDocument_PrivateExtensions.h */ = {isa = PBXFileReference; fileEncoding = 4; lastKnownFileType = sourcecode.c.h; path = CXMLDocument_PrivateExtensions.h; sourceTree = "<group>"; };
		09309E8E0F7CD380008A61C5 /* CXMLDocument_PrivateExtensions.m */ = {isa = PBXFileReference; fileEncoding = 4; lastKnownFileType = sourcecode.c.objc; path = CXMLDocument_PrivateExtensions.m; sourceTree = "<group>"; };
		09309E8F0F7CD380008A61C5 /* CXMLElement.h */ = {isa = PBXFileReference; fileEncoding = 4; lastKnownFileType = sourcecode.c.h; path = CXMLElement.h; sourceTree = "<group>"; };
		09309E900F7CD380008A61C5 /* CXMLElement.m */ = {isa = PBXFileReference; fileEncoding = 4; lastKnownFileType = sourcecode.c.objc; path = CXMLElement.m; sourceTree = "<group>"; };
		09309E910F7CD380008A61C5 /* CXMLNode.h */ = {isa = PBXFileReference; fileEncoding = 4; lastKnownFileType = sourcecode.c.h; path = CXMLNode.h; sourceTree = "<group>"; };
		09309E920F7CD380008A61C5 /* CXMLNode.m */ = {isa = PBXFileReference; fileEncoding = 4; lastKnownFileType = sourcecode.c.objc; path = CXMLNode.m; sourceTree = "<group>"; };
		09309E930F7CD380008A61C5 /* CXMLNode_PrivateExtensions.h */ = {isa = PBXFileReference; fileEncoding = 4; lastKnownFileType = sourcecode.c.h; path = CXMLNode_PrivateExtensions.h; sourceTree = "<group>"; };
		09309E940F7CD380008A61C5 /* CXMLNode_PrivateExtensions.m */ = {isa = PBXFileReference; fileEncoding = 4; lastKnownFileType = sourcecode.c.objc; path = CXMLNode_PrivateExtensions.m; sourceTree = "<group>"; };
		09309E950F7CD380008A61C5 /* CXMLNode_XPathExtensions.h */ = {isa = PBXFileReference; fileEncoding = 4; lastKnownFileType = sourcecode.c.h; path = CXMLNode_XPathExtensions.h; sourceTree = "<group>"; };
		09309E960F7CD380008A61C5 /* CXMLNode_XPathExtensions.m */ = {isa = PBXFileReference; fileEncoding = 4; lastKnownFileType = sourcecode.c.objc; path = CXMLNode_XPathExtensions.m; sourceTree = "<group>"; };
		09309E970F7CD380008A61C5 /* TouchXML.h */ = {isa = PBXFileReference; fileEncoding = 4; lastKnownFileType = sourcecode.c.h; path = TouchXML.h; sourceTree = "<group>"; };
		09449C6D0F8CE6CD009FC5B3 /* SoapCustomEntityTest.m */ = {isa = PBXFileReference; fileEncoding = 4; lastKnownFileType = sourcecode.c.objc; path = SoapCustomEntityTest.m; sourceTree = "<group>"; };
		09BEFEFE0F8B555900FD35CD /* ContainerObject.h */ = {isa = PBXFileReference; fileEncoding = 4; lastKnownFileType = sourcecode.c.h; path = ContainerObject.h; sourceTree = "<group>"; };
		09BEFEFF0F8B555900FD35CD /* ContainerObject.m */ = {isa = PBXFileReference; fileEncoding = 4; lastKnownFileType = sourcecode.c.objc; path = ContainerObject.m; sourceTree = "<group>"; };
		09BEFF010F8B558200FD35CD /* NestedObject.h */ = {isa = PBXFileReference; fileEncoding = 4; lastKnownFileType = sourcecode.c.h; path = NestedObject.h; sourceTree = "<group>"; };
		09BEFF020F8B558200FD35CD /* NestedObject.m */ = {isa = PBXFileReference; fileEncoding = 4; lastKnownFileType = sourcecode.c.objc; path = NestedObject.m; sourceTree = "<group>"; };
		1D30AB110D05D00D00671497 /* Foundation.framework */ = {isa = PBXFileReference; lastKnownFileType = wrapper.framework; name = Foundation.framework; path = System/Library/Frameworks/Foundation.framework; sourceTree = SDKROOT; };
		1DF5F4DF0D08C38300B7A737 /* UIKit.framework */ = {isa = PBXFileReference; lastKnownFileType = wrapper.framework; name = UIKit.framework; path = System/Library/Frameworks/UIKit.framework; sourceTree = SDKROOT; };
		288765FC0DF74451002DB57D /* CoreGraphics.framework */ = {isa = PBXFileReference; lastKnownFileType = wrapper.framework; name = CoreGraphics.framework; path = System/Library/Frameworks/CoreGraphics.framework; sourceTree = SDKROOT; };
/* End PBXFileReference section */

/* Begin PBXFrameworksBuildPhase section */
		09309B970F7B924A008A61C5 /* Frameworks */ = {
			isa = PBXFrameworksBuildPhase;
			buildActionMask = 2147483647;
			files = (
				09309BA40F7B9267008A61C5 /* UIKit.framework in Frameworks */,
				09309BA50F7B9267008A61C5 /* Foundation.framework in Frameworks */,
				09309BA60F7B9267008A61C5 /* CoreGraphics.framework in Frameworks */,
			);
			runOnlyForDeploymentPostprocessing = 0;
		};
/* End PBXFrameworksBuildPhase section */

/* Begin PBXGroup section */
		090933090F98E4E3007681CF /* libcommon */ = {
			isa = PBXGroup;
			children = (
				0909330A0F98E4E3007681CF /* Async */,
				0909331B0F98E4E3007681CF /* CGGeometry+Utils.h */,
				0909331C0F98E4E3007681CF /* CGGeometry+Utils.m */,
				0909331D0F98E4E3007681CF /* CollectionWindow.h */,
				0909331E0F98E4E3007681CF /* CollectionWindow.m */,
				0909331F0F98E4E3007681CF /* CommonUtils.h */,
				090933290F98E4E3007681CF /* Forms */,
				090933480F98E4E4007681CF /* Mapping */,
				090933500F98E4E4007681CF /* NSArray+Graphics.h */,
				090933510F98E4E4007681CF /* NSArray+Graphics.m */,
				090933520F98E4E4007681CF /* NSArray+Utils.h */,
				090933530F98E4E4007681CF /* NSArray+Utils.m */,
				090933540F98E4E4007681CF /* NSBundle+Utils.h */,
				090933550F98E4E4007681CF /* NSBundle+Utils.m */,
				090933560F98E4E4007681CF /* NSCoding.h */,
				090933570F98E4E4007681CF /* NSData+Utils.h */,
				090933580F98E4E4007681CF /* NSData+Utils.m */,
				090933590F98E4E4007681CF /* NSDate+Utils.h */,
				0909335A0F98E4E4007681CF /* NSDate+Utils.m */,
				0909335B0F98E4E4007681CF /* NSError+Utils.h */,
				0909335C0F98E4E4007681CF /* NSError+Utils.m */,
				0909335D0F98E4E4007681CF /* NSMutableArray+Utils.h */,
				0909335E0F98E4E4007681CF /* NSMutableArray+Utils.m */,
				0909335F0F98E4E4007681CF /* NSObject+Utils.h */,
				090933600F98E4E4007681CF /* NSObject+Utils.m */,
				090933610F98E4E4007681CF /* NSString+Utils.h */,
				090933620F98E4E4007681CF /* NSString+Utils.m */,
				090933630F98E4E4007681CF /* NSUserDefaults+Utils.h */,
				090933640F98E4E4007681CF /* NSUserDefaults+Utils.m */,
				090933670F98E4E4007681CF /* Soap */,
				090933720F98E4E4007681CF /* UIAlertView+Utils.h */,
				090933730F98E4E4007681CF /* UIAlertView+Utils.m */,
				090933740F98E4E4007681CF /* UIApplication+Utils.h */,
				090933750F98E4E4007681CF /* UIApplication+Utils.m */,
				090933760F98E4E4007681CF /* UIImage+Utils.h */,
				090933770F98E4E4007681CF /* UIImage+Utils.m */,
				090933780F98E4E4007681CF /* UIView+Utils.h */,
				090933790F98E4E4007681CF /* UIView+Utils.m */,
				0909337A0F98E4E4007681CF /* UIWebView+Utils.h */,
				0909337B0F98E4E4007681CF /* UIWebView+Utils.m */,
				0909337C0F98E4E4007681CF /* View */,
				090933810F98E4E4007681CF /* Web */,
				090933860F98E4E4007681CF /* XMLWriter.h */,
				090933870F98E4E4007681CF /* XMLWriter.m */,
			);
			path = libcommon;
			sourceTree = "<group>";
		};
		0909330A0F98E4E3007681CF /* Async */ = {
			isa = PBXGroup;
			children = (
				0909330B0F98E4E3007681CF /* AsyncObject.h */,
				0909330C0F98E4E3007681CF /* AsyncObject.m */,
				0909330D0F98E4E3007681CF /* UIBlockingAsyncObject.h */,
				0909330E0F98E4E3007681CF /* UIBlockingAsyncObject.m */,
				0909330F0F98E4E3007681CF /* UIBlockingView.h */,
			);
			path = Async;
			sourceTree = "<group>";
		};
		090933290F98E4E3007681CF /* Forms */ = {
			isa = PBXGroup;
			children = (
				0909332A0F98E4E3007681CF /* AgreementCell.h */,
				0909332B0F98E4E3007681CF /* AgreementCell.m */,
				0909332C0F98E4E3007681CF /* AgreementController.h */,
				0909332D0F98E4E3007681CF /* AgreementController.m */,
				0909332E0F98E4E3007681CF /* DateTimeCell.h */,
				0909332F0F98E4E3007681CF /* DateTimeCell.m */,
				090933300F98E4E3007681CF /* FormCell.h */,
				090933310F98E4E3007681CF /* FormCell.m */,
				090933320F98E4E3007681CF /* FormController.h */,
				090933330F98E4E3007681CF /* FormController.m */,
				090933340F98E4E3007681CF /* FormDatePickerView.h */,
				090933350F98E4E3007681CF /* FormDatePickerView.m */,
				090933360F98E4E3007681CF /* FormFieldDescriptor.h */,
				090933370F98E4E4007681CF /* FormFieldDescriptor.m */,
				090933380F98E4E4007681CF /* FormTableController.h */,
				090933390F98E4E4007681CF /* FormTableController.m */,
				0909333A0F98E4E4007681CF /* ForwardingLabel.h */,
				0909333B0F98E4E4007681CF /* ForwardingLabel.m */,
				0909333C0F98E4E4007681CF /* SelectionController.h */,
				0909333D0F98E4E4007681CF /* SelectionController.m */,
				0909333E0F98E4E4007681CF /* StaticFormCell.h */,
				0909333F0F98E4E4007681CF /* StaticFormCell.m */,
				090933400F98E4E4007681CF /* SwitchCell.h */,
				090933410F98E4E4007681CF /* SwitchCell.m */,
				090933420F98E4E4007681CF /* TextEditController.h */,
				090933430F98E4E4007681CF /* TextEditController.m */,
				090933440F98E4E4007681CF /* TextFieldCell.h */,
				090933450F98E4E4007681CF /* TextFieldCell.m */,
				090933460F98E4E4007681CF /* TitledFormCell.h */,
				090933470F98E4E4007681CF /* TitledFormCell.m */,
			);
			path = Forms;
			sourceTree = "<group>";
		};
		090933480F98E4E4007681CF /* Mapping */ = {
			isa = PBXGroup;
			children = (
				090933490F98E4E4007681CF /* ClassMetadata.h */,
				0909334A0F98E4E4007681CF /* POXMapping.h */,
				0909334B0F98E4E4007681CF /* POXMapping.m */,
				0909334C0F98E4E4007681CF /* POXMappingUtil.h */,
				0909334D0F98E4E4007681CF /* POXMappingUtil.m */,
				0909334E0F98E4E4007681CF /* SelfDescribing.h */,
				0909334F0F98E4E4007681CF /* SelfDescribing.m */,
			);
			path = Mapping;
			sourceTree = "<group>";
		};
		090933670F98E4E4007681CF /* Soap */ = {
			isa = PBXGroup;
			children = (
				090933680F98E4E4007681CF /* Soap.h */,
				090933690F98E4E4007681CF /* SoapCustomEntity.h */,
				0909336A0F98E4E4007681CF /* SoapCustomEntity.m */,
				0909336B0F98E4E4007681CF /* SoapDeenveloper.h */,
				0909336C0F98E4E4007681CF /* SoapDeenveloper.m */,
				0909336D0F98E4E4007681CF /* SoapEntityProto.h */,
				0909336E0F98E4E4007681CF /* SoapEnveloper.h */,
				0909336F0F98E4E4007681CF /* SoapEnveloper.m */,
				090933700F98E4E4007681CF /* SoapRequest.h */,
				090933710F98E4E4007681CF /* SoapRequest.m */,
			);
			path = Soap;
			sourceTree = "<group>";
		};
		0909337C0F98E4E4007681CF /* View */ = {
			isa = PBXGroup;
			children = (
				0909337D0F98E4E4007681CF /* UITableViewCell+NIB.h */,
				0909337E0F98E4E4007681CF /* UITableViewCell+NIB.m */,
				0909337F0F98E4E4007681CF /* UIView+Rotation.h */,
				090933800F98E4E4007681CF /* UIView+Rotation.m */,
			);
			path = View;
			sourceTree = "<group>";
		};
		090933810F98E4E4007681CF /* Web */ = {
			isa = PBXGroup;
			children = (
				090933820F98E4E4007681CF /* RESTService.h */,
				090933830F98E4E4007681CF /* RESTService.m */,
				090933840F98E4E4007681CF /* WebParams.h */,
				090933850F98E4E4007681CF /* WebParams.m */,
			);
			path = Web;
			sourceTree = "<group>";
		};
		09309BA70F7B9284008A61C5 /* TestUnit */ = {
			isa = PBXGroup;
			children = (
				09309BB00F7B92D2008A61C5 /* GTMDefines.h */,
				09309BA80F7B92A3008A61C5 /* GTMIPhoneUnitTestDelegate.h */,
				09309BA90F7B92A3008A61C5 /* GTMIPhoneUnitTestDelegate.m */,
				09309BAA0F7B92A3008A61C5 /* GTMIPhoneUnitTestMain.m */,
				09309BAB0F7B92A3008A61C5 /* GTMSenTestCase.h */,
				09309BAC0F7B92A3008A61C5 /* GTMSenTestCase.m */,
			);
			name = TestUnit;
			sourceTree = "<group>";
		};
		09309BBD0F7B9304008A61C5 /* Other Sources */ = {
			isa = PBXGroup;
			children = (
				090933090F98E4E3007681CF /* libcommon */,
				09309E8A0F7CD380008A61C5 /* CXMLClasses */,
			);
			name = "Other Sources";
			sourceTree = "<group>";
		};
		09309C5C0F7B9380008A61C5 /* Tests */ = {
			isa = PBXGroup;
			children = (
				09309C5E0F7B938D008A61C5 /* SoapEnveloperTest.m */,
				09309E090F7CBAD7008A61C5 /* SoapDeenveloperTest.m */,
				09309E440F7CC83E008A61C5 /* TestObjectTest.m */,
				09449C6D0F8CE6CD009FC5B3 /* SoapCustomEntityTest.m */,
				090933C60F98E5F1007681CF /* SoapRequestTest.m */,
			);
			name = Tests;
			sourceTree = "<group>";
		};
		09309C640F7B96B5008A61C5 /* Utility */ = {
			isa = PBXGroup;
			children = (
				09309C610F7B944F008A61C5 /* TestObject.h */,
				09309C620F7B944F008A61C5 /* TestObject.m */,
				09309D470F7BBD60008A61C5 /* TestHeader.h */,
				09309D480F7BBD60008A61C5 /* TestHeader.m */,
				09BEFEFE0F8B555900FD35CD /* ContainerObject.h */,
				09BEFEFF0F8B555900FD35CD /* ContainerObject.m */,
				09BEFF010F8B558200FD35CD /* NestedObject.h */,
				09BEFF020F8B558200FD35CD /* NestedObject.m */,
			);
			name = Utility;
			sourceTree = "<group>";
		};
		09309E8A0F7CD380008A61C5 /* CXMLClasses */ = {
			isa = PBXGroup;
			children = (
				09309E8B0F7CD380008A61C5 /* CXMLDocument.h */,
				09309E8C0F7CD380008A61C5 /* CXMLDocument.m */,
				09309E8D0F7CD380008A61C5 /* CXMLDocument_PrivateExtensions.h */,
				09309E8E0F7CD380008A61C5 /* CXMLDocument_PrivateExtensions.m */,
				09309E8F0F7CD380008A61C5 /* CXMLElement.h */,
				09309E900F7CD380008A61C5 /* CXMLElement.m */,
				09309E910F7CD380008A61C5 /* CXMLNode.h */,
				09309E920F7CD380008A61C5 /* CXMLNode.m */,
				09309E930F7CD380008A61C5 /* CXMLNode_PrivateExtensions.h */,
				09309E940F7CD380008A61C5 /* CXMLNode_PrivateExtensions.m */,
				09309E950F7CD380008A61C5 /* CXMLNode_XPathExtensions.h */,
				09309E960F7CD380008A61C5 /* CXMLNode_XPathExtensions.m */,
				09309E970F7CD380008A61C5 /* TouchXML.h */,
			);
			path = CXMLClasses;
			sourceTree = "<group>";
		};
		19C28FACFE9D520D11CA2CBB /* Products */ = {
			isa = PBXGroup;
			children = (
				09309B990F7B924A008A61C5 /* SoapTest.app */,
			);
			name = Products;
			sourceTree = "<group>";
		};
		29B97314FDCFA39411CA2CEA /* CustomTemplate */ = {
			isa = PBXGroup;
			children = (
				09309C5C0F7B9380008A61C5 /* Tests */,
				09309C640F7B96B5008A61C5 /* Utility */,
				09309BA70F7B9284008A61C5 /* TestUnit */,
				29B97323FDCFA39411CA2CEA /* Frameworks */,
				09309BBD0F7B9304008A61C5 /* Other Sources */,
				19C28FACFE9D520D11CA2CBB /* Products */,
				09309B9B0F7B924A008A61C5 /* SoapTest-Info.plist */,
			);
			name = CustomTemplate;
			sourceTree = "<group>";
		};
		29B97323FDCFA39411CA2CEA /* Frameworks */ = {
			isa = PBXGroup;
			children = (
				1DF5F4DF0D08C38300B7A737 /* UIKit.framework */,
				1D30AB110D05D00D00671497 /* Foundation.framework */,
				288765FC0DF74451002DB57D /* CoreGraphics.framework */,
			);
			name = Frameworks;
			sourceTree = "<group>";
		};
/* End PBXGroup section */

/* Begin PBXNativeTarget section */
		09309B980F7B924A008A61C5 /* SoapTest */ = {
			isa = PBXNativeTarget;
			buildConfigurationList = 09309B9E0F7B924B008A61C5 /* Build configuration list for PBXNativeTarget "SoapTest" */;
			buildPhases = (
				09309B950F7B924A008A61C5 /* Resources */,
				09309B960F7B924A008A61C5 /* Sources */,
				09309B970F7B924A008A61C5 /* Frameworks */,
				09309BA00F7B9250008A61C5 /* ShellScript */,
			);
			buildRules = (
			);
			dependencies = (
			);
			name = SoapTest;
			productName = SoapTest;
			productReference = 09309B990F7B924A008A61C5 /* SoapTest.app */;
			productType = "com.apple.product-type.application";
		};
/* End PBXNativeTarget section */

/* Begin PBXProject section */
		29B97313FDCFA39411CA2CEA /* Project object */ = {
			isa = PBXProject;
			buildConfigurationList = C01FCF4E08A954540054247B /* Build configuration list for PBXProject "SoapTest" */;
			compatibilityVersion = "Xcode 3.1";
			hasScannedForEncodings = 1;
			mainGroup = 29B97314FDCFA39411CA2CEA /* CustomTemplate */;
			projectDirPath = "";
			projectRoot = "";
			targets = (
				09309B980F7B924A008A61C5 /* SoapTest */,
			);
		};
/* End PBXProject section */

/* Begin PBXResourcesBuildPhase section */
		09309B950F7B924A008A61C5 /* Resources */ = {
			isa = PBXResourcesBuildPhase;
			buildActionMask = 2147483647;
			files = (
			);
			runOnlyForDeploymentPostprocessing = 0;
		};
/* End PBXResourcesBuildPhase section */

/* Begin PBXShellScriptBuildPhase section */
		09309BA00F7B9250008A61C5 /* ShellScript */ = {
			isa = PBXShellScriptBuildPhase;
			buildActionMask = 2147483647;
			files = (
			);
			inputPaths = (
			);
			outputPaths = (
			);
			runOnlyForDeploymentPostprocessing = 0;
			shellPath = /bin/sh;
			shellScript = "/Users/ilya/Projects/google-toolbox-for-mac-1-5-1/UnitTesting/RunIPhoneUnitTest.sh";
		};
/* End PBXShellScriptBuildPhase section */

/* Begin PBXSourcesBuildPhase section */
		09309B960F7B924A008A61C5 /* Sources */ = {
			isa = PBXSourcesBuildPhase;
			buildActionMask = 2147483647;
			files = (
				09309BAD0F7B92A3008A61C5 /* GTMIPhoneUnitTestDelegate.m in Sources */,
				09309BAE0F7B92A3008A61C5 /* GTMIPhoneUnitTestMain.m in Sources */,
				09309BAF0F7B92A3008A61C5 /* GTMSenTestCase.m in Sources */,
				09309C5F0F7B938D008A61C5 /* SoapEnveloperTest.m in Sources */,
				09309C630F7B944F008A61C5 /* TestObject.m in Sources */,
				09309D490F7BBD60008A61C5 /* TestHeader.m in Sources */,
				09309E0A0F7CBAD7008A61C5 /* SoapDeenveloperTest.m in Sources */,
				09309E450F7CC83E008A61C5 /* TestObjectTest.m in Sources */,
				09309E980F7CD380008A61C5 /* CXMLDocument.m in Sources */,
				09309E990F7CD380008A61C5 /* CXMLDocument_PrivateExtensions.m in Sources */,
				09309E9A0F7CD380008A61C5 /* CXMLElement.m in Sources */,
				09309E9B0F7CD380008A61C5 /* CXMLNode.m in Sources */,
				09309E9C0F7CD380008A61C5 /* CXMLNode_PrivateExtensions.m in Sources */,
				09309E9D0F7CD380008A61C5 /* CXMLNode_XPathExtensions.m in Sources */,
				09BEFF000F8B555900FD35CD /* ContainerObject.m in Sources */,
				09BEFF030F8B558200FD35CD /* NestedObject.m in Sources */,
				09449C6E0F8CE6CD009FC5B3 /* SoapCustomEntityTest.m in Sources */,
				090933880F98E4E4007681CF /* AsyncObject.m in Sources */,
				090933890F98E4E4007681CF /* UIBlockingAsyncObject.m in Sources */,
				0909338F0F98E4E4007681CF /* CGGeometry+Utils.m in Sources */,
				090933900F98E4E4007681CF /* CollectionWindow.m in Sources */,
				090933950F98E4E4007681CF /* AgreementCell.m in Sources */,
				090933960F98E4E4007681CF /* AgreementController.m in Sources */,
				090933970F98E4E4007681CF /* DateTimeCell.m in Sources */,
				090933980F98E4E4007681CF /* FormCell.m in Sources */,
				090933990F98E4E4007681CF /* FormController.m in Sources */,
				0909339A0F98E4E4007681CF /* FormDatePickerView.m in Sources */,
				0909339B0F98E4E4007681CF /* FormFieldDescriptor.m in Sources */,
				0909339C0F98E4E4007681CF /* FormTableController.m in Sources */,
				0909339D0F98E4E4007681CF /* ForwardingLabel.m in Sources */,
				0909339E0F98E4E4007681CF /* SelectionController.m in Sources */,
				0909339F0F98E4E4007681CF /* StaticFormCell.m in Sources */,
				090933A00F98E4E4007681CF /* SwitchCell.m in Sources */,
				090933A10F98E4E4007681CF /* TextEditController.m in Sources */,
				090933A20F98E4E4007681CF /* TextFieldCell.m in Sources */,
				090933A30F98E4E4007681CF /* TitledFormCell.m in Sources */,
				090933A40F98E4E4007681CF /* POXMapping.m in Sources */,
				090933A50F98E4E4007681CF /* POXMappingUtil.m in Sources */,
				090933A60F98E4E4007681CF /* SelfDescribing.m in Sources */,
				090933A70F98E4E4007681CF /* NSArray+Graphics.m in Sources */,
				090933A80F98E4E4007681CF /* NSArray+Utils.m in Sources */,
				090933A90F98E4E4007681CF /* NSBundle+Utils.m in Sources */,
				090933AA0F98E4E4007681CF /* NSData+Utils.m in Sources */,
				090933AB0F98E4E4007681CF /* NSDate+Utils.m in Sources */,
				090933AC0F98E4E4007681CF /* NSError+Utils.m in Sources */,
				090933AD0F98E4E4007681CF /* NSMutableArray+Utils.m in Sources */,
				090933AE0F98E4E4007681CF /* NSObject+Utils.m in Sources */,
				090933AF0F98E4E4007681CF /* NSString+Utils.m in Sources */,
				090933B00F98E4E4007681CF /* NSUserDefaults+Utils.m in Sources */,
				090933B20F98E4E4007681CF /* SoapCustomEntity.m in Sources */,
				090933B30F98E4E4007681CF /* SoapDeenveloper.m in Sources */,
				090933B40F98E4E4007681CF /* SoapEnveloper.m in Sources */,
				090933B50F98E4E4007681CF /* SoapRequest.m in Sources */,
				090933B60F98E4E4007681CF /* UIAlertView+Utils.m in Sources */,
				090933B70F98E4E4007681CF /* UIApplication+Utils.m in Sources */,
				090933B80F98E4E4007681CF /* UIImage+Utils.m in Sources */,
				090933B90F98E4E4007681CF /* UIView+Utils.m in Sources */,
				090933BA0F98E4E4007681CF /* UIWebView+Utils.m in Sources */,
				090933BB0F98E4E4007681CF /* UITableViewCell+NIB.m in Sources */,
				090933BC0F98E4E4007681CF /* UIView+Rotation.m in Sources */,
				090933BD0F98E4E4007681CF /* RESTService.m in Sources */,
				090933BE0F98E4E4007681CF /* WebParams.m in Sources */,
				090933BF0F98E4E4007681CF /* XMLWriter.m in Sources */,
				090933C70F98E5F1007681CF /* SoapRequestTest.m in Sources */,
			);
			runOnlyForDeploymentPostprocessing = 0;
		};
/* End PBXSourcesBuildPhase section */

/* Begin XCBuildConfiguration section */
		09309B9C0F7B924B008A61C5 /* Debug */ = {
			isa = XCBuildConfiguration;
			buildSettings = {
				ALWAYS_SEARCH_USER_PATHS = NO;
				CODE_SIGN_IDENTITY = "iPhone Developer";
				COPY_PHASE_STRIP = NO;
				GCC_DYNAMIC_NO_PIC = NO;
				GCC_OPTIMIZATION_LEVEL = 0;
				GCC_PRECOMPILE_PREFIX_HEADER = YES;
				GCC_PREFIX_HEADER = "$(SYSTEM_LIBRARY_DIR)/Frameworks/UIKit.framework/Headers/UIKit.h";
				INFOPLIST_FILE = "SoapTest-Info.plist";
				INSTALL_PATH = "$(HOME)/Applications";
				OTHER_LDFLAGS = (
					"-framework",
					Foundation,
					"-framework",
					UIKit,
					"-lxml2",
				);
				PREBINDING = NO;
				PRODUCT_NAME = SoapTest;
				SDKROOT = iphoneos2.2.1;
			};
			name = Debug;
		};
		09309B9D0F7B924B008A61C5 /* Release */ = {
			isa = XCBuildConfiguration;
			buildSettings = {
				ALWAYS_SEARCH_USER_PATHS = NO;
				CODE_SIGN_IDENTITY = "iPhone Developer";
				COPY_PHASE_STRIP = YES;
				DEBUG_INFORMATION_FORMAT = "dwarf-with-dsym";
				GCC_ENABLE_FIX_AND_CONTINUE = NO;
				GCC_PRECOMPILE_PREFIX_HEADER = YES;
				GCC_PREFIX_HEADER = "$(SYSTEM_LIBRARY_DIR)/Frameworks/UIKit.framework/Headers/UIKit.h";
				INFOPLIST_FILE = "SoapTest-Info.plist";
				INSTALL_PATH = "$(HOME)/Applications";
				OTHER_LDFLAGS = (
					"-framework",
					Foundation,
					"-framework",
					UIKit,
					"-lxml2",
				);
				PREBINDING = NO;
				PRODUCT_NAME = SoapTest;
				SDKROOT = iphoneos2.2.1;
				ZERO_LINK = NO;
			};
			name = Release;
		};
		C01FCF4F08A954540054247B /* Debug */ = {
			isa = XCBuildConfiguration;
			buildSettings = {
				ARCHS = "$(ARCHS_STANDARD_32_BIT)";
				"CODE_SIGN_IDENTITY[sdk=iphoneos*]" = "iPhone Developer";
				GCC_C_LANGUAGE_STANDARD = c99;
				GCC_WARN_ABOUT_RETURN_TYPE = YES;
				GCC_WARN_UNUSED_VARIABLE = YES;
				HEADER_SEARCH_PATHS = /usr/include/libxml2;
				ONLY_ACTIVE_ARCH = YES;
				OTHER_LDFLAGS = "-lxml2";
				PREBINDING = NO;
				SDKROOT = iphoneos2.2.1;
			};
			name = Debug;
		};
		C01FCF5008A954540054247B /* Release */ = {
			isa = XCBuildConfiguration;
			buildSettings = {
				ARCHS = "$(ARCHS_STANDARD_32_BIT)";
				"CODE_SIGN_IDENTITY[sdk=iphoneos*]" = "iPhone Developer";
				GCC_C_LANGUAGE_STANDARD = c99;
				GCC_WARN_ABOUT_RETURN_TYPE = YES;
				GCC_WARN_UNUSED_VARIABLE = YES;
				HEADER_SEARCH_PATHS = /usr/include/libxml2;
				OTHER_LDFLAGS = "-lxml2";
				PREBINDING = NO;
				SDKROOT = iphoneos2.2.1;
			};
			name = Release;
		};
/* End XCBuildConfiguration section */

/* Begin XCConfigurationList section */
		09309B9E0F7B924B008A61C5 /* Build configuration list for PBXNativeTarget "SoapTest" */ = {
			isa = XCConfigurationList;
			buildConfigurations = (
				09309B9C0F7B924B008A61C5 /* Debug */,
				09309B9D0F7B924B008A61C5 /* Release */,
			);
			defaultConfigurationIsVisible = 0;
			defaultConfigurationName = Release;
		};
		C01FCF4E08A954540054247B /* Build configuration list for PBXProject "SoapTest" */ = {
			isa = XCConfigurationList;
			buildConfigurations = (
				C01FCF4F08A954540054247B /* Debug */,
				C01FCF5008A954540054247B /* Release */,
			);
			defaultConfigurationIsVisible = 0;
			defaultConfigurationName = Release;
		};
/* End XCConfigurationList section */
	};
	rootObject = 29B97313FDCFA39411CA2CEA /* Project object */;
}
