// !$*UTF8*$!
{
	archiveVersion = 1;
	classes = {
	};
	objectVersion = 45;
	objects = {

/* Begin PBXBuildFile section */
		09309BA40F7B9267008A61C5 /* UIKit.framework in Frameworks */ = {isa = PBXBuildFile; fileRef = 1DF5F4DF0D08C38300B7A737 /* UIKit.framework */; };
		09309BA50F7B9267008A61C5 /* Foundation.framework in Frameworks */ = {isa = PBXBuildFile; fileRef = 1D30AB110D05D00D00671497 /* Foundation.framework */; };
		09309BA60F7B9267008A61C5 /* CoreGraphics.framework in Frameworks */ = {isa = PBXBuildFile; fileRef = 288765FC0DF74451002DB57D /* CoreGraphics.framework */; };
		09309BAD0F7B92A3008A61C5 /* GTMIPhoneUnitTestDelegate.m in Sources */ = {isa = PBXBuildFile; fileRef = 09309BA90F7B92A3008A61C5 /* GTMIPhoneUnitTestDelegate.m */; };
		09309BAE0F7B92A3008A61C5 /* GTMIPhoneUnitTestMain.m in Sources */ = {isa = PBXBuildFile; fileRef = 09309BAA0F7B92A3008A61C5 /* GTMIPhoneUnitTestMain.m */; };
		09309BAF0F7B92A3008A61C5 /* GTMSenTestCase.m in Sources */ = {isa = PBXBuildFile; fileRef = 09309BAC0F7B92A3008A61C5 /* GTMSenTestCase.m */; };
		09309C5F0F7B938D008A61C5 /* SoapEnveloperTest.m in Sources */ = {isa = PBXBuildFile; fileRef = 09309C5E0F7B938D008A61C5 /* SoapEnveloperTest.m */; };
		09309C630F7B944F008A61C5 /* TestObject.m in Sources */ = {isa = PBXBuildFile; fileRef = 09309C620F7B944F008A61C5 /* TestObject.m */; };
		09309D490F7BBD60008A61C5 /* TestHeader.m in Sources */ = {isa = PBXBuildFile; fileRef = 09309D480F7BBD60008A61C5 /* TestHeader.m */; };
		09309E0A0F7CBAD7008A61C5 /* SoapDeenveloperTest.m in Sources */ = {isa = PBXBuildFile; fileRef = 09309E090F7CBAD7008A61C5 /* SoapDeenveloperTest.m */; };
		09309E450F7CC83E008A61C5 /* TestObjectTest.m in Sources */ = {isa = PBXBuildFile; fileRef = 09309E440F7CC83E008A61C5 /* TestObjectTest.m */; };
		09309E980F7CD380008A61C5 /* CXMLDocument.m in Sources */ = {isa = PBXBuildFile; fileRef = 09309E8C0F7CD380008A61C5 /* CXMLDocument.m */; };
		09309E990F7CD380008A61C5 /* CXMLDocument_PrivateExtensions.m in Sources */ = {isa = PBXBuildFile; fileRef = 09309E8E0F7CD380008A61C5 /* CXMLDocument_PrivateExtensions.m */; };
		09309E9A0F7CD380008A61C5 /* CXMLElement.m in Sources */ = {isa = PBXBuildFile; fileRef = 09309E900F7CD380008A61C5 /* CXMLElement.m */; };
		09309E9B0F7CD380008A61C5 /* CXMLNode.m in Sources */ = {isa = PBXBuildFile; fileRef = 09309E920F7CD380008A61C5 /* CXMLNode.m */; };
		09309E9C0F7CD380008A61C5 /* CXMLNode_PrivateExtensions.m in Sources */ = {isa = PBXBuildFile; fileRef = 09309E940F7CD380008A61C5 /* CXMLNode_PrivateExtensions.m */; };
		09309E9D0F7CD380008A61C5 /* CXMLNode_XPathExtensions.m in Sources */ = {isa = PBXBuildFile; fileRef = 09309E960F7CD380008A61C5 /* CXMLNode_XPathExtensions.m */; };
		09BE008A0F8BB43E00FD35CD /* CustomSoapEntity.m in Sources */ = {isa = PBXBuildFile; fileRef = 09BE00890F8BB43E00FD35CD /* CustomSoapEntity.m */; };
		09BEFECA0F8B52EA00FD35CD /* AsyncObject.m in Sources */ = {isa = PBXBuildFile; fileRef = 09BEFE590F8B52E900FD35CD /* AsyncObject.m */; };
		09BEFECB0F8B52EA00FD35CD /* UIBlockingAsyncObject.m in Sources */ = {isa = PBXBuildFile; fileRef = 09BEFE5B0F8B52E900FD35CD /* UIBlockingAsyncObject.m */; };
		09BEFED10F8B52EA00FD35CD /* CGGeometry+Utils.m in Sources */ = {isa = PBXBuildFile; fileRef = 09BEFE690F8B52E900FD35CD /* CGGeometry+Utils.m */; };
		09BEFED20F8B52EA00FD35CD /* CollectionWindow.m in Sources */ = {isa = PBXBuildFile; fileRef = 09BEFE6B0F8B52E900FD35CD /* CollectionWindow.m */; };
		09BEFED70F8B52EA00FD35CD /* AgreementCell.m in Sources */ = {isa = PBXBuildFile; fileRef = 09BEFE780F8B52E900FD35CD /* AgreementCell.m */; };
		09BEFED80F8B52EA00FD35CD /* AgreementController.m in Sources */ = {isa = PBXBuildFile; fileRef = 09BEFE7A0F8B52E900FD35CD /* AgreementController.m */; };
		09BEFED90F8B52EA00FD35CD /* DateTimeCell.m in Sources */ = {isa = PBXBuildFile; fileRef = 09BEFE7C0F8B52E900FD35CD /* DateTimeCell.m */; };
		09BEFEDA0F8B52EA00FD35CD /* FormCell.m in Sources */ = {isa = PBXBuildFile; fileRef = 09BEFE7E0F8B52E900FD35CD /* FormCell.m */; };
		09BEFEDB0F8B52EA00FD35CD /* FormController.m in Sources */ = {isa = PBXBuildFile; fileRef = 09BEFE800F8B52E900FD35CD /* FormController.m */; };
		09BEFEDC0F8B52EA00FD35CD /* FormDatePickerView.m in Sources */ = {isa = PBXBuildFile; fileRef = 09BEFE820F8B52E900FD35CD /* FormDatePickerView.m */; };
		09BEFEDD0F8B52EA00FD35CD /* FormFieldDescriptor.m in Sources */ = {isa = PBXBuildFile; fileRef = 09BEFE840F8B52E900FD35CD /* FormFieldDescriptor.m */; };
		09BEFEDE0F8B52EA00FD35CD /* FormTableController.m in Sources */ = {isa = PBXBuildFile; fileRef = 09BEFE860F8B52E900FD35CD /* FormTableController.m */; };
		09BEFEDF0F8B52EA00FD35CD /* ForwardingLabel.m in Sources */ = {isa = PBXBuildFile; fileRef = 09BEFE880F8B52E900FD35CD /* ForwardingLabel.m */; };
		09BEFEE00F8B52EA00FD35CD /* SelectionController.m in Sources */ = {isa = PBXBuildFile; fileRef = 09BEFE8A0F8B52E900FD35CD /* SelectionController.m */; };
		09BEFEE10F8B52EA00FD35CD /* StaticFormCell.m in Sources */ = {isa = PBXBuildFile; fileRef = 09BEFE8C0F8B52E900FD35CD /* StaticFormCell.m */; };
		09BEFEE20F8B52EA00FD35CD /* SwitchCell.m in Sources */ = {isa = PBXBuildFile; fileRef = 09BEFE8E0F8B52E900FD35CD /* SwitchCell.m */; };
		09BEFEE30F8B52EA00FD35CD /* TextEditController.m in Sources */ = {isa = PBXBuildFile; fileRef = 09BEFE900F8B52E900FD35CD /* TextEditController.m */; };
		09BEFEE40F8B52EA00FD35CD /* TextFieldCell.m in Sources */ = {isa = PBXBuildFile; fileRef = 09BEFE920F8B52E900FD35CD /* TextFieldCell.m */; };
		09BEFEE50F8B52EA00FD35CD /* TitledFormCell.m in Sources */ = {isa = PBXBuildFile; fileRef = 09BEFE940F8B52E900FD35CD /* TitledFormCell.m */; };
		09BEFEE60F8B52EA00FD35CD /* POXMapping.m in Sources */ = {isa = PBXBuildFile; fileRef = 09BEFE980F8B52E900FD35CD /* POXMapping.m */; };
		09BEFEE70F8B52EA00FD35CD /* POXMappingUtil.m in Sources */ = {isa = PBXBuildFile; fileRef = 09BEFE9A0F8B52E900FD35CD /* POXMappingUtil.m */; };
		09BEFEE80F8B52EA00FD35CD /* SelfDescribing.m in Sources */ = {isa = PBXBuildFile; fileRef = 09BEFE9C0F8B52E900FD35CD /* SelfDescribing.m */; };
		09BEFEE90F8B52EA00FD35CD /* NSArray+Graphics.m in Sources */ = {isa = PBXBuildFile; fileRef = 09BEFE9E0F8B52E900FD35CD /* NSArray+Graphics.m */; };
		09BEFEEA0F8B52EA00FD35CD /* NSArray+Utils.m in Sources */ = {isa = PBXBuildFile; fileRef = 09BEFEA00F8B52E900FD35CD /* NSArray+Utils.m */; };
		09BEFEEB0F8B52EA00FD35CD /* NSBundle+Utils.m in Sources */ = {isa = PBXBuildFile; fileRef = 09BEFEA20F8B52E900FD35CD /* NSBundle+Utils.m */; };
		09BEFEEC0F8B52EA00FD35CD /* NSData+Utils.m in Sources */ = {isa = PBXBuildFile; fileRef = 09BEFEA50F8B52E900FD35CD /* NSData+Utils.m */; };
		09BEFEED0F8B52EA00FD35CD /* NSDate+Utils.m in Sources */ = {isa = PBXBuildFile; fileRef = 09BEFEA70F8B52E900FD35CD /* NSDate+Utils.m */; };
		09BEFEEE0F8B52EA00FD35CD /* NSError+Utils.m in Sources */ = {isa = PBXBuildFile; fileRef = 09BEFEA90F8B52EA00FD35CD /* NSError+Utils.m */; };
		09BEFEEF0F8B52EA00FD35CD /* NSMutableArray+Utils.m in Sources */ = {isa = PBXBuildFile; fileRef = 09BEFEAB0F8B52EA00FD35CD /* NSMutableArray+Utils.m */; };
		09BEFEF00F8B52EA00FD35CD /* NSObject+Utils.m in Sources */ = {isa = PBXBuildFile; fileRef = 09BEFEAD0F8B52EA00FD35CD /* NSObject+Utils.m */; };
		09BEFEF10F8B52EA00FD35CD /* NSString+Utils.m in Sources */ = {isa = PBXBuildFile; fileRef = 09BEFEAF0F8B52EA00FD35CD /* NSString+Utils.m */; };
		09BEFEF20F8B52EA00FD35CD /* NSUserDefaults+Utils.m in Sources */ = {isa = PBXBuildFile; fileRef = 09BEFEB10F8B52EA00FD35CD /* NSUserDefaults+Utils.m */; };
		09BEFEF40F8B52EA00FD35CD /* SoapEnveloper.m in Sources */ = {isa = PBXBuildFile; fileRef = 09BEFEB60F8B52EA00FD35CD /* SoapEnveloper.m */; };
		09BEFEF50F8B52EA00FD35CD /* SoapDeenveloper.m in Sources */ = {isa = PBXBuildFile; fileRef = 09BEFEB90F8B52EA00FD35CD /* SoapDeenveloper.m */; };
		09BEFEF60F8B52EA00FD35CD /* UIAlertView+Utils.m in Sources */ = {isa = PBXBuildFile; fileRef = 09BEFEBB0F8B52EA00FD35CD /* UIAlertView+Utils.m */; };
		09BEFEF70F8B52EA00FD35CD /* UIApplication+Utils.m in Sources */ = {isa = PBXBuildFile; fileRef = 09BEFEBD0F8B52EA00FD35CD /* UIApplication+Utils.m */; };
		09BEFEF80F8B52EA00FD35CD /* UIView+Utils.m in Sources */ = {isa = PBXBuildFile; fileRef = 09BEFEBF0F8B52EA00FD35CD /* UIView+Utils.m */; };
		09BEFEF90F8B52EA00FD35CD /* UIWebView+Utils.m in Sources */ = {isa = PBXBuildFile; fileRef = 09BEFEC10F8B52EA00FD35CD /* UIWebView+Utils.m */; };
		09BEFEFA0F8B52EA00FD35CD /* UITableViewCell+NIB.m in Sources */ = {isa = PBXBuildFile; fileRef = 09BEFEC40F8B52EA00FD35CD /* UITableViewCell+NIB.m */; };
		09BEFEFB0F8B52EA00FD35CD /* RESTService.m in Sources */ = {isa = PBXBuildFile; fileRef = 09BEFEC70F8B52EA00FD35CD /* RESTService.m */; };
		09BEFEFC0F8B52EA00FD35CD /* XMLWriter.m in Sources */ = {isa = PBXBuildFile; fileRef = 09BEFEC90F8B52EA00FD35CD /* XMLWriter.m */; };
		09BEFF000F8B555900FD35CD /* ContainerObject.m in Sources */ = {isa = PBXBuildFile; fileRef = 09BEFEFF0F8B555900FD35CD /* ContainerObject.m */; };
		09BEFF030F8B558200FD35CD /* NestedObject.m in Sources */ = {isa = PBXBuildFile; fileRef = 09BEFF020F8B558200FD35CD /* NestedObject.m */; };
/* End PBXBuildFile section */

/* Begin PBXFileReference section */
		09309B990F7B924A008A61C5 /* SoapTest.app */ = {isa = PBXFileReference; explicitFileType = wrapper.application; includeInIndex = 0; path = SoapTest.app; sourceTree = BUILT_PRODUCTS_DIR; };
		09309B9B0F7B924A008A61C5 /* SoapTest-Info.plist */ = {isa = PBXFileReference; lastKnownFileType = text.plist.xml; path = "SoapTest-Info.plist"; sourceTree = "<group>"; };
		09309BA80F7B92A3008A61C5 /* GTMIPhoneUnitTestDelegate.h */ = {isa = PBXFileReference; fileEncoding = 4; lastKnownFileType = sourcecode.c.h; name = GTMIPhoneUnitTestDelegate.h; path = "../google-toolbox-for-mac-1-5-1/UnitTesting/GTMIPhoneUnitTestDelegate.h"; sourceTree = SOURCE_ROOT; };
		09309BA90F7B92A3008A61C5 /* GTMIPhoneUnitTestDelegate.m */ = {isa = PBXFileReference; fileEncoding = 4; lastKnownFileType = sourcecode.c.objc; name = GTMIPhoneUnitTestDelegate.m; path = "../google-toolbox-for-mac-1-5-1/UnitTesting/GTMIPhoneUnitTestDelegate.m"; sourceTree = SOURCE_ROOT; };
		09309BAA0F7B92A3008A61C5 /* GTMIPhoneUnitTestMain.m */ = {isa = PBXFileReference; fileEncoding = 4; lastKnownFileType = sourcecode.c.objc; name = GTMIPhoneUnitTestMain.m; path = "../google-toolbox-for-mac-1-5-1/UnitTesting/GTMIPhoneUnitTestMain.m"; sourceTree = SOURCE_ROOT; };
		09309BAB0F7B92A3008A61C5 /* GTMSenTestCase.h */ = {isa = PBXFileReference; fileEncoding = 4; lastKnownFileType = sourcecode.c.h; name = GTMSenTestCase.h; path = "../google-toolbox-for-mac-1-5-1/UnitTesting/GTMSenTestCase.h"; sourceTree = SOURCE_ROOT; };
		09309BAC0F7B92A3008A61C5 /* GTMSenTestCase.m */ = {isa = PBXFileReference; fileEncoding = 4; lastKnownFileType = sourcecode.c.objc; name = GTMSenTestCase.m; path = "../google-toolbox-for-mac-1-5-1/UnitTesting/GTMSenTestCase.m"; sourceTree = SOURCE_ROOT; };
		09309BB00F7B92D2008A61C5 /* GTMDefines.h */ = {isa = PBXFileReference; fileEncoding = 4; lastKnownFileType = sourcecode.c.h; name = GTMDefines.h; path = "../google-toolbox-for-mac-1-5-1/GTMDefines.h"; sourceTree = SOURCE_ROOT; };
		09309C5E0F7B938D008A61C5 /* SoapEnveloperTest.m */ = {isa = PBXFileReference; fileEncoding = 4; lastKnownFileType = sourcecode.c.objc; path = SoapEnveloperTest.m; sourceTree = "<group>"; };
		09309C610F7B944F008A61C5 /* TestObject.h */ = {isa = PBXFileReference; fileEncoding = 4; lastKnownFileType = sourcecode.c.h; path = TestObject.h; sourceTree = "<group>"; };
		09309C620F7B944F008A61C5 /* TestObject.m */ = {isa = PBXFileReference; fileEncoding = 4; lastKnownFileType = sourcecode.c.objc; path = TestObject.m; sourceTree = "<group>"; };
		09309D470F7BBD60008A61C5 /* TestHeader.h */ = {isa = PBXFileReference; fileEncoding = 4; lastKnownFileType = sourcecode.c.h; path = TestHeader.h; sourceTree = "<group>"; };
		09309D480F7BBD60008A61C5 /* TestHeader.m */ = {isa = PBXFileReference; fileEncoding = 4; lastKnownFileType = sourcecode.c.objc; path = TestHeader.m; sourceTree = "<group>"; };
		09309E090F7CBAD7008A61C5 /* SoapDeenveloperTest.m */ = {isa = PBXFileReference; fileEncoding = 4; lastKnownFileType = sourcecode.c.objc; path = SoapDeenveloperTest.m; sourceTree = "<group>"; };
		09309E440F7CC83E008A61C5 /* TestObjectTest.m */ = {isa = PBXFileReference; fileEncoding = 4; lastKnownFileType = sourcecode.c.objc; path = TestObjectTest.m; sourceTree = "<group>"; };
		09309E8B0F7CD380008A61C5 /* CXMLDocument.h */ = {isa = PBXFileReference; fileEncoding = 4; lastKnownFileType = sourcecode.c.h; path = CXMLDocument.h; sourceTree = "<group>"; };
		09309E8C0F7CD380008A61C5 /* CXMLDocument.m */ = {isa = PBXFileReference; fileEncoding = 4; lastKnownFileType = sourcecode.c.objc; path = CXMLDocument.m; sourceTree = "<group>"; };
		09309E8D0F7CD380008A61C5 /* CXMLDocument_PrivateExtensions.h */ = {isa = PBXFileReference; fileEncoding = 4; lastKnownFileType = sourcecode.c.h; path = CXMLDocument_PrivateExtensions.h; sourceTree = "<group>"; };
		09309E8E0F7CD380008A61C5 /* CXMLDocument_PrivateExtensions.m */ = {isa = PBXFileReference; fileEncoding = 4; lastKnownFileType = sourcecode.c.objc; path = CXMLDocument_PrivateExtensions.m; sourceTree = "<group>"; };
		09309E8F0F7CD380008A61C5 /* CXMLElement.h */ = {isa = PBXFileReference; fileEncoding = 4; lastKnownFileType = sourcecode.c.h; path = CXMLElement.h; sourceTree = "<group>"; };
		09309E900F7CD380008A61C5 /* CXMLElement.m */ = {isa = PBXFileReference; fileEncoding = 4; lastKnownFileType = sourcecode.c.objc; path = CXMLElement.m; sourceTree = "<group>"; };
		09309E910F7CD380008A61C5 /* CXMLNode.h */ = {isa = PBXFileReference; fileEncoding = 4; lastKnownFileType = sourcecode.c.h; path = CXMLNode.h; sourceTree = "<group>"; };
		09309E920F7CD380008A61C5 /* CXMLNode.m */ = {isa = PBXFileReference; fileEncoding = 4; lastKnownFileType = sourcecode.c.objc; path = CXMLNode.m; sourceTree = "<group>"; };
		09309E930F7CD380008A61C5 /* CXMLNode_PrivateExtensions.h */ = {isa = PBXFileReference; fileEncoding = 4; lastKnownFileType = sourcecode.c.h; path = CXMLNode_PrivateExtensions.h; sourceTree = "<group>"; };
		09309E940F7CD380008A61C5 /* CXMLNode_PrivateExtensions.m */ = {isa = PBXFileReference; fileEncoding = 4; lastKnownFileType = sourcecode.c.objc; path = CXMLNode_PrivateExtensions.m; sourceTree = "<group>"; };
		09309E950F7CD380008A61C5 /* CXMLNode_XPathExtensions.h */ = {isa = PBXFileReference; fileEncoding = 4; lastKnownFileType = sourcecode.c.h; path = CXMLNode_XPathExtensions.h; sourceTree = "<group>"; };
		09309E960F7CD380008A61C5 /* CXMLNode_XPathExtensions.m */ = {isa = PBXFileReference; fileEncoding = 4; lastKnownFileType = sourcecode.c.objc; path = CXMLNode_XPathExtensions.m; sourceTree = "<group>"; };
		09309E970F7CD380008A61C5 /* TouchXML.h */ = {isa = PBXFileReference; fileEncoding = 4; lastKnownFileType = sourcecode.c.h; path = TouchXML.h; sourceTree = "<group>"; };
		09BE00880F8BB43E00FD35CD /* CustomSoapEntity.h */ = {isa = PBXFileReference; fileEncoding = 4; lastKnownFileType = sourcecode.c.h; name = CustomSoapEntity.h; path = "../ecma-utils/Classes/Soap/CustomSoapEntity.h"; sourceTree = SOURCE_ROOT; };
		09BE00890F8BB43E00FD35CD /* CustomSoapEntity.m */ = {isa = PBXFileReference; fileEncoding = 4; lastKnownFileType = sourcecode.c.objc; name = CustomSoapEntity.m; path = "../ecma-utils/Classes/Soap/CustomSoapEntity.m"; sourceTree = SOURCE_ROOT; };
		09BEFE580F8B52E900FD35CD /* AsyncObject.h */ = {isa = PBXFileReference; fileEncoding = 4; lastKnownFileType = sourcecode.c.h; path = AsyncObject.h; sourceTree = "<group>"; };
		09BEFE590F8B52E900FD35CD /* AsyncObject.m */ = {isa = PBXFileReference; fileEncoding = 4; lastKnownFileType = sourcecode.c.objc; path = AsyncObject.m; sourceTree = "<group>"; };
		09BEFE5A0F8B52E900FD35CD /* UIBlockingAsyncObject.h */ = {isa = PBXFileReference; fileEncoding = 4; lastKnownFileType = sourcecode.c.h; path = UIBlockingAsyncObject.h; sourceTree = "<group>"; };
		09BEFE5B0F8B52E900FD35CD /* UIBlockingAsyncObject.m */ = {isa = PBXFileReference; fileEncoding = 4; lastKnownFileType = sourcecode.c.objc; path = UIBlockingAsyncObject.m; sourceTree = "<group>"; };
		09BEFE5C0F8B52E900FD35CD /* UIBlockingView.h */ = {isa = PBXFileReference; fileEncoding = 4; lastKnownFileType = sourcecode.c.h; path = UIBlockingView.h; sourceTree = "<group>"; };
		09BEFE680F8B52E900FD35CD /* CGGeometry+Utils.h */ = {isa = PBXFileReference; fileEncoding = 4; lastKnownFileType = sourcecode.c.h; path = "CGGeometry+Utils.h"; sourceTree = "<group>"; };
		09BEFE690F8B52E900FD35CD /* CGGeometry+Utils.m */ = {isa = PBXFileReference; fileEncoding = 4; lastKnownFileType = sourcecode.c.objc; path = "CGGeometry+Utils.m"; sourceTree = "<group>"; };
		09BEFE6A0F8B52E900FD35CD /* CollectionWindow.h */ = {isa = PBXFileReference; fileEncoding = 4; lastKnownFileType = sourcecode.c.h; path = CollectionWindow.h; sourceTree = "<group>"; };
		09BEFE6B0F8B52E900FD35CD /* CollectionWindow.m */ = {isa = PBXFileReference; fileEncoding = 4; lastKnownFileType = sourcecode.c.objc; path = CollectionWindow.m; sourceTree = "<group>"; };
		09BEFE6C0F8B52E900FD35CD /* CommonUtils.h */ = {isa = PBXFileReference; fileEncoding = 4; lastKnownFileType = sourcecode.c.h; path = CommonUtils.h; sourceTree = "<group>"; };
		09BEFE770F8B52E900FD35CD /* AgreementCell.h */ = {isa = PBXFileReference; fileEncoding = 4; lastKnownFileType = sourcecode.c.h; path = AgreementCell.h; sourceTree = "<group>"; };
		09BEFE780F8B52E900FD35CD /* AgreementCell.m */ = {isa = PBXFileReference; fileEncoding = 4; lastKnownFileType = sourcecode.c.objc; path = AgreementCell.m; sourceTree = "<group>"; };
		09BEFE790F8B52E900FD35CD /* AgreementController.h */ = {isa = PBXFileReference; fileEncoding = 4; lastKnownFileType = sourcecode.c.h; path = AgreementController.h; sourceTree = "<group>"; };
		09BEFE7A0F8B52E900FD35CD /* AgreementController.m */ = {isa = PBXFileReference; fileEncoding = 4; lastKnownFileType = sourcecode.c.objc; path = AgreementController.m; sourceTree = "<group>"; };
		09BEFE7B0F8B52E900FD35CD /* DateTimeCell.h */ = {isa = PBXFileReference; fileEncoding = 4; lastKnownFileType = sourcecode.c.h; path = DateTimeCell.h; sourceTree = "<group>"; };
		09BEFE7C0F8B52E900FD35CD /* DateTimeCell.m */ = {isa = PBXFileReference; fileEncoding = 4; lastKnownFileType = sourcecode.c.objc; path = DateTimeCell.m; sourceTree = "<group>"; };
		09BEFE7D0F8B52E900FD35CD /* FormCell.h */ = {isa = PBXFileReference; fileEncoding = 4; lastKnownFileType = sourcecode.c.h; path = FormCell.h; sourceTree = "<group>"; };
		09BEFE7E0F8B52E900FD35CD /* FormCell.m */ = {isa = PBXFileReference; fileEncoding = 4; lastKnownFileType = sourcecode.c.objc; path = FormCell.m; sourceTree = "<group>"; };
		09BEFE7F0F8B52E900FD35CD /* FormController.h */ = {isa = PBXFileReference; fileEncoding = 4; lastKnownFileType = sourcecode.c.h; path = FormController.h; sourceTree = "<group>"; };
		09BEFE800F8B52E900FD35CD /* FormController.m */ = {isa = PBXFileReference; fileEncoding = 4; lastKnownFileType = sourcecode.c.objc; path = FormController.m; sourceTree = "<group>"; };
		09BEFE810F8B52E900FD35CD /* FormDatePickerView.h */ = {isa = PBXFileReference; fileEncoding = 4; lastKnownFileType = sourcecode.c.h; path = FormDatePickerView.h; sourceTree = "<group>"; };
		09BEFE820F8B52E900FD35CD /* FormDatePickerView.m */ = {isa = PBXFileReference; fileEncoding = 4; lastKnownFileType = sourcecode.c.objc; path = FormDatePickerView.m; sourceTree = "<group>"; };
		09BEFE830F8B52E900FD35CD /* FormFieldDescriptor.h */ = {isa = PBXFileReference; fileEncoding = 4; lastKnownFileType = sourcecode.c.h; path = FormFieldDescriptor.h; sourceTree = "<group>"; };
		09BEFE840F8B52E900FD35CD /* FormFieldDescriptor.m */ = {isa = PBXFileReference; fileEncoding = 4; lastKnownFileType = sourcecode.c.objc; path = FormFieldDescriptor.m; sourceTree = "<group>"; };
		09BEFE850F8B52E900FD35CD /* FormTableController.h */ = {isa = PBXFileReference; fileEncoding = 4; lastKnownFileType = sourcecode.c.h; path = FormTableController.h; sourceTree = "<group>"; };
		09BEFE860F8B52E900FD35CD /* FormTableController.m */ = {isa = PBXFileReference; fileEncoding = 4; lastKnownFileType = sourcecode.c.objc; path = FormTableController.m; sourceTree = "<group>"; };
		09BEFE870F8B52E900FD35CD /* ForwardingLabel.h */ = {isa = PBXFileReference; fileEncoding = 4; lastKnownFileType = sourcecode.c.h; path = ForwardingLabel.h; sourceTree = "<group>"; };
		09BEFE880F8B52E900FD35CD /* ForwardingLabel.m */ = {isa = PBXFileReference; fileEncoding = 4; lastKnownFileType = sourcecode.c.objc; path = ForwardingLabel.m; sourceTree = "<group>"; };
		09BEFE890F8B52E900FD35CD /* SelectionController.h */ = {isa = PBXFileReference; fileEncoding = 4; lastKnownFileType = sourcecode.c.h; path = SelectionController.h; sourceTree = "<group>"; };
		09BEFE8A0F8B52E900FD35CD /* SelectionController.m */ = {isa = PBXFileReference; fileEncoding = 4; lastKnownFileType = sourcecode.c.objc; path = SelectionController.m; sourceTree = "<group>"; };
		09BEFE8B0F8B52E900FD35CD /* StaticFormCell.h */ = {isa = PBXFileReference; fileEncoding = 4; lastKnownFileType = sourcecode.c.h; path = StaticFormCell.h; sourceTree = "<group>"; };
		09BEFE8C0F8B52E900FD35CD /* StaticFormCell.m */ = {isa = PBXFileReference; fileEncoding = 4; lastKnownFileType = sourcecode.c.objc; path = StaticFormCell.m; sourceTree = "<group>"; };
		09BEFE8D0F8B52E900FD35CD /* SwitchCell.h */ = {isa = PBXFileReference; fileEncoding = 4; lastKnownFileType = sourcecode.c.h; path = SwitchCell.h; sourceTree = "<group>"; };
		09BEFE8E0F8B52E900FD35CD /* SwitchCell.m */ = {isa = PBXFileReference; fileEncoding = 4; lastKnownFileType = sourcecode.c.objc; path = SwitchCell.m; sourceTree = "<group>"; };
		09BEFE8F0F8B52E900FD35CD /* TextEditController.h */ = {isa = PBXFileReference; fileEncoding = 4; lastKnownFileType = sourcecode.c.h; path = TextEditController.h; sourceTree = "<group>"; };
		09BEFE900F8B52E900FD35CD /* TextEditController.m */ = {isa = PBXFileReference; fileEncoding = 4; lastKnownFileType = sourcecode.c.objc; path = TextEditController.m; sourceTree = "<group>"; };
		09BEFE910F8B52E900FD35CD /* TextFieldCell.h */ = {isa = PBXFileReference; fileEncoding = 4; lastKnownFileType = sourcecode.c.h; path = TextFieldCell.h; sourceTree = "<group>"; };
		09BEFE920F8B52E900FD35CD /* TextFieldCell.m */ = {isa = PBXFileReference; fileEncoding = 4; lastKnownFileType = sourcecode.c.objc; path = TextFieldCell.m; sourceTree = "<group>"; };
		09BEFE930F8B52E900FD35CD /* TitledFormCell.h */ = {isa = PBXFileReference; fileEncoding = 4; lastKnownFileType = sourcecode.c.h; path = TitledFormCell.h; sourceTree = "<group>"; };
		09BEFE940F8B52E900FD35CD /* TitledFormCell.m */ = {isa = PBXFileReference; fileEncoding = 4; lastKnownFileType = sourcecode.c.objc; path = TitledFormCell.m; sourceTree = "<group>"; };
		09BEFE960F8B52E900FD35CD /* ClassMetadata.h */ = {isa = PBXFileReference; fileEncoding = 4; lastKnownFileType = sourcecode.c.h; path = ClassMetadata.h; sourceTree = "<group>"; };
		09BEFE970F8B52E900FD35CD /* POXMapping.h */ = {isa = PBXFileReference; fileEncoding = 4; lastKnownFileType = sourcecode.c.h; path = POXMapping.h; sourceTree = "<group>"; };
		09BEFE980F8B52E900FD35CD /* POXMapping.m */ = {isa = PBXFileReference; fileEncoding = 4; lastKnownFileType = sourcecode.c.objc; path = POXMapping.m; sourceTree = "<group>"; };
		09BEFE990F8B52E900FD35CD /* POXMappingUtil.h */ = {isa = PBXFileReference; fileEncoding = 4; lastKnownFileType = sourcecode.c.h; path = POXMappingUtil.h; sourceTree = "<group>"; };
		09BEFE9A0F8B52E900FD35CD /* POXMappingUtil.m */ = {isa = PBXFileReference; fileEncoding = 4; lastKnownFileType = sourcecode.c.objc; path = POXMappingUtil.m; sourceTree = "<group>"; };
		09BEFE9B0F8B52E900FD35CD /* SelfDescribing.h */ = {isa = PBXFileReference; fileEncoding = 4; lastKnownFileType = sourcecode.c.h; path = SelfDescribing.h; sourceTree = "<group>"; };
		09BEFE9C0F8B52E900FD35CD /* SelfDescribing.m */ = {isa = PBXFileReference; fileEncoding = 4; lastKnownFileType = sourcecode.c.objc; path = SelfDescribing.m; sourceTree = "<group>"; };
		09BEFE9D0F8B52E900FD35CD /* NSArray+Graphics.h */ = {isa = PBXFileReference; fileEncoding = 4; lastKnownFileType = sourcecode.c.h; path = "NSArray+Graphics.h"; sourceTree = "<group>"; };
		09BEFE9E0F8B52E900FD35CD /* NSArray+Graphics.m */ = {isa = PBXFileReference; fileEncoding = 4; lastKnownFileType = sourcecode.c.objc; path = "NSArray+Graphics.m"; sourceTree = "<group>"; };
		09BEFE9F0F8B52E900FD35CD /* NSArray+Utils.h */ = {isa = PBXFileReference; fileEncoding = 4; lastKnownFileType = sourcecode.c.h; path = "NSArray+Utils.h"; sourceTree = "<group>"; };
		09BEFEA00F8B52E900FD35CD /* NSArray+Utils.m */ = {isa = PBXFileReference; fileEncoding = 4; lastKnownFileType = sourcecode.c.objc; path = "NSArray+Utils.m"; sourceTree = "<group>"; };
		09BEFEA10F8B52E900FD35CD /* NSBundle+Utils.h */ = {isa = PBXFileReference; fileEncoding = 4; lastKnownFileType = sourcecode.c.h; path = "NSBundle+Utils.h"; sourceTree = "<group>"; };
		09BEFEA20F8B52E900FD35CD /* NSBundle+Utils.m */ = {isa = PBXFileReference; fileEncoding = 4; lastKnownFileType = sourcecode.c.objc; path = "NSBundle+Utils.m"; sourceTree = "<group>"; };
		09BEFEA30F8B52E900FD35CD /* NSCoding.h */ = {isa = PBXFileReference; fileEncoding = 4; lastKnownFileType = sourcecode.c.h; path = NSCoding.h; sourceTree = "<group>"; };
		09BEFEA40F8B52E900FD35CD /* NSData+Utils.h */ = {isa = PBXFileReference; fileEncoding = 4; lastKnownFileType = sourcecode.c.h; path = "NSData+Utils.h"; sourceTree = "<group>"; };
		09BEFEA50F8B52E900FD35CD /* NSData+Utils.m */ = {isa = PBXFileReference; fileEncoding = 4; lastKnownFileType = sourcecode.c.objc; path = "NSData+Utils.m"; sourceTree = "<group>"; };
		09BEFEA60F8B52E900FD35CD /* NSDate+Utils.h */ = {isa = PBXFileReference; fileEncoding = 4; lastKnownFileType = sourcecode.c.h; path = "NSDate+Utils.h"; sourceTree = "<group>"; };
		09BEFEA70F8B52E900FD35CD /* NSDate+Utils.m */ = {isa = PBXFileReference; fileEncoding = 4; lastKnownFileType = sourcecode.c.objc; path = "NSDate+Utils.m"; sourceTree = "<group>"; };
		09BEFEA80F8B52E900FD35CD /* NSError+Utils.h */ = {isa = PBXFileReference; fileEncoding = 4; lastKnownFileType = sourcecode.c.h; path = "NSError+Utils.h"; sourceTree = "<group>"; };
		09BEFEA90F8B52EA00FD35CD /* NSError+Utils.m */ = {isa = PBXFileReference; fileEncoding = 4; lastKnownFileType = sourcecode.c.objc; path = "NSError+Utils.m"; sourceTree = "<group>"; };
		09BEFEAA0F8B52EA00FD35CD /* NSMutableArray+Utils.h */ = {isa = PBXFileReference; fileEncoding = 4; lastKnownFileType = sourcecode.c.h; path = "NSMutableArray+Utils.h"; sourceTree = "<group>"; };
		09BEFEAB0F8B52EA00FD35CD /* NSMutableArray+Utils.m */ = {isa = PBXFileReference; fileEncoding = 4; lastKnownFileType = sourcecode.c.objc; path = "NSMutableArray+Utils.m"; sourceTree = "<group>"; };
		09BEFEAC0F8B52EA00FD35CD /* NSObject+Utils.h */ = {isa = PBXFileReference; fileEncoding = 4; lastKnownFileType = sourcecode.c.h; path = "NSObject+Utils.h"; sourceTree = "<group>"; };
		09BEFEAD0F8B52EA00FD35CD /* NSObject+Utils.m */ = {isa = PBXFileReference; fileEncoding = 4; lastKnownFileType = sourcecode.c.objc; path = "NSObject+Utils.m"; sourceTree = "<group>"; };
		09BEFEAE0F8B52EA00FD35CD /* NSString+Utils.h */ = {isa = PBXFileReference; fileEncoding = 4; lastKnownFileType = sourcecode.c.h; path = "NSString+Utils.h"; sourceTree = "<group>"; };
		09BEFEAF0F8B52EA00FD35CD /* NSString+Utils.m */ = {isa = PBXFileReference; fileEncoding = 4; lastKnownFileType = sourcecode.c.objc; path = "NSString+Utils.m"; sourceTree = "<group>"; };
		09BEFEB00F8B52EA00FD35CD /* NSUserDefaults+Utils.h */ = {isa = PBXFileReference; fileEncoding = 4; lastKnownFileType = sourcecode.c.h; path = "NSUserDefaults+Utils.h"; sourceTree = "<group>"; };
		09BEFEB10F8B52EA00FD35CD /* NSUserDefaults+Utils.m */ = {isa = PBXFileReference; fileEncoding = 4; lastKnownFileType = sourcecode.c.objc; path = "NSUserDefaults+Utils.m"; sourceTree = "<group>"; };
		09BEFEB50F8B52EA00FD35CD /* SoapEnveloper.h */ = {isa = PBXFileReference; fileEncoding = 4; lastKnownFileType = sourcecode.c.h; path = SoapEnveloper.h; sourceTree = "<group>"; };
		09BEFEB60F8B52EA00FD35CD /* SoapEnveloper.m */ = {isa = PBXFileReference; fileEncoding = 4; lastKnownFileType = sourcecode.c.objc; path = SoapEnveloper.m; sourceTree = "<group>"; };
		09BEFEB70F8B52EA00FD35CD /* SoapEntityProto.h */ = {isa = PBXFileReference; fileEncoding = 4; lastKnownFileType = sourcecode.c.h; path = SoapEntityProto.h; sourceTree = "<group>"; };
		09BEFEB80F8B52EA00FD35CD /* SoapDeenveloper.h */ = {isa = PBXFileReference; fileEncoding = 4; lastKnownFileType = sourcecode.c.h; path = SoapDeenveloper.h; sourceTree = "<group>"; };
		09BEFEB90F8B52EA00FD35CD /* SoapDeenveloper.m */ = {isa = PBXFileReference; fileEncoding = 4; lastKnownFileType = sourcecode.c.objc; path = SoapDeenveloper.m; sourceTree = "<group>"; };
		09BEFEBA0F8B52EA00FD35CD /* UIAlertView+Utils.h */ = {isa = PBXFileReference; fileEncoding = 4; lastKnownFileType = sourcecode.c.h; path = "UIAlertView+Utils.h"; sourceTree = "<group>"; };
		09BEFEBB0F8B52EA00FD35CD /* UIAlertView+Utils.m */ = {isa = PBXFileReference; fileEncoding = 4; lastKnownFileType = sourcecode.c.objc; path = "UIAlertView+Utils.m"; sourceTree = "<group>"; };
		09BEFEBC0F8B52EA00FD35CD /* UIApplication+Utils.h */ = {isa = PBXFileReference; fileEncoding = 4; lastKnownFileType = sourcecode.c.h; path = "UIApplication+Utils.h"; sourceTree = "<group>"; };
		09BEFEBD0F8B52EA00FD35CD /* UIApplication+Utils.m */ = {isa = PBXFileReference; fileEncoding = 4; lastKnownFileType = sourcecode.c.objc; path = "UIApplication+Utils.m"; sourceTree = "<group>"; };
		09BEFEBE0F8B52EA00FD35CD /* UIView+Utils.h */ = {isa = PBXFileReference; fileEncoding = 4; lastKnownFileType = sourcecode.c.h; path = "UIView+Utils.h"; sourceTree = "<group>"; };
		09BEFEBF0F8B52EA00FD35CD /* UIView+Utils.m */ = {isa = PBXFileReference; fileEncoding = 4; lastKnownFileType = sourcecode.c.objc; path = "UIView+Utils.m"; sourceTree = "<group>"; };
		09BEFEC00F8B52EA00FD35CD /* UIWebView+Utils.h */ = {isa = PBXFileReference; fileEncoding = 4; lastKnownFileType = sourcecode.c.h; path = "UIWebView+Utils.h"; sourceTree = "<group>"; };
		09BEFEC10F8B52EA00FD35CD /* UIWebView+Utils.m */ = {isa = PBXFileReference; fileEncoding = 4; lastKnownFileType = sourcecode.c.objc; path = "UIWebView+Utils.m"; sourceTree = "<group>"; };
		09BEFEC30F8B52EA00FD35CD /* UITableViewCell+NIB.h */ = {isa = PBXFileReference; fileEncoding = 4; lastKnownFileType = sourcecode.c.h; path = "UITableViewCell+NIB.h"; sourceTree = "<group>"; };
		09BEFEC40F8B52EA00FD35CD /* UITableViewCell+NIB.m */ = {isa = PBXFileReference; fileEncoding = 4; lastKnownFileType = sourcecode.c.objc; path = "UITableViewCell+NIB.m"; sourceTree = "<group>"; };
		09BEFEC60F8B52EA00FD35CD /* RESTService.h */ = {isa = PBXFileReference; fileEncoding = 4; lastKnownFileType = sourcecode.c.h; path = RESTService.h; sourceTree = "<group>"; };
		09BEFEC70F8B52EA00FD35CD /* RESTService.m */ = {isa = PBXFileReference; fileEncoding = 4; lastKnownFileType = sourcecode.c.objc; path = RESTService.m; sourceTree = "<group>"; };
		09BEFEC80F8B52EA00FD35CD /* XMLWriter.h */ = {isa = PBXFileReference; fileEncoding = 4; lastKnownFileType = sourcecode.c.h; path = XMLWriter.h; sourceTree = "<group>"; };
		09BEFEC90F8B52EA00FD35CD /* XMLWriter.m */ = {isa = PBXFileReference; fileEncoding = 4; lastKnownFileType = sourcecode.c.objc; path = XMLWriter.m; sourceTree = "<group>"; };
		09BEFEFE0F8B555900FD35CD /* ContainerObject.h */ = {isa = PBXFileReference; fileEncoding = 4; lastKnownFileType = sourcecode.c.h; path = ContainerObject.h; sourceTree = "<group>"; };
		09BEFEFF0F8B555900FD35CD /* ContainerObject.m */ = {isa = PBXFileReference; fileEncoding = 4; lastKnownFileType = sourcecode.c.objc; path = ContainerObject.m; sourceTree = "<group>"; };
		09BEFF010F8B558200FD35CD /* NestedObject.h */ = {isa = PBXFileReference; fileEncoding = 4; lastKnownFileType = sourcecode.c.h; path = NestedObject.h; sourceTree = "<group>"; };
		09BEFF020F8B558200FD35CD /* NestedObject.m */ = {isa = PBXFileReference; fileEncoding = 4; lastKnownFileType = sourcecode.c.objc; path = NestedObject.m; sourceTree = "<group>"; };
		1D30AB110D05D00D00671497 /* Foundation.framework */ = {isa = PBXFileReference; lastKnownFileType = wrapper.framework; name = Foundation.framework; path = System/Library/Frameworks/Foundation.framework; sourceTree = SDKROOT; };
		1DF5F4DF0D08C38300B7A737 /* UIKit.framework */ = {isa = PBXFileReference; lastKnownFileType = wrapper.framework; name = UIKit.framework; path = System/Library/Frameworks/UIKit.framework; sourceTree = SDKROOT; };
		288765FC0DF74451002DB57D /* CoreGraphics.framework */ = {isa = PBXFileReference; lastKnownFileType = wrapper.framework; name = CoreGraphics.framework; path = System/Library/Frameworks/CoreGraphics.framework; sourceTree = SDKROOT; };
/* End PBXFileReference section */

/* Begin PBXFrameworksBuildPhase section */
		09309B970F7B924A008A61C5 /* Frameworks */ = {
			isa = PBXFrameworksBuildPhase;
			buildActionMask = 2147483647;
			files = (
				09309BA40F7B9267008A61C5 /* UIKit.framework in Frameworks */,
				09309BA50F7B9267008A61C5 /* Foundation.framework in Frameworks */,
				09309BA60F7B9267008A61C5 /* CoreGraphics.framework in Frameworks */,
			);
			runOnlyForDeploymentPostprocessing = 0;
		};
/* End PBXFrameworksBuildPhase section */

/* Begin PBXGroup section */
		09309BA70F7B9284008A61C5 /* TestUnit */ = {
			isa = PBXGroup;
			children = (
				09309BB00F7B92D2008A61C5 /* GTMDefines.h */,
				09309BA80F7B92A3008A61C5 /* GTMIPhoneUnitTestDelegate.h */,
				09309BA90F7B92A3008A61C5 /* GTMIPhoneUnitTestDelegate.m */,
				09309BAA0F7B92A3008A61C5 /* GTMIPhoneUnitTestMain.m */,
				09309BAB0F7B92A3008A61C5 /* GTMSenTestCase.h */,
				09309BAC0F7B92A3008A61C5 /* GTMSenTestCase.m */,
			);
			name = TestUnit;
			sourceTree = "<group>";
		};
		09309BBD0F7B9304008A61C5 /* Other Sources */ = {
			isa = PBXGroup;
			children = (
				09BEFE560F8B52E900FD35CD /* libcommon */,
				09309E8A0F7CD380008A61C5 /* CXMLClasses */,
			);
			name = "Other Sources";
			sourceTree = "<group>";
		};
		09309C5C0F7B9380008A61C5 /* Tests */ = {
			isa = PBXGroup;
			children = (
				09309C5E0F7B938D008A61C5 /* SoapEnveloperTest.m */,
				09309E090F7CBAD7008A61C5 /* SoapDeenveloperTest.m */,
				09309E440F7CC83E008A61C5 /* TestObjectTest.m */,
			);
			name = Tests;
			sourceTree = "<group>";
		};
		09309C640F7B96B5008A61C5 /* Utility */ = {
			isa = PBXGroup;
			children = (
				09309C610F7B944F008A61C5 /* TestObject.h */,
				09309C620F7B944F008A61C5 /* TestObject.m */,
				09309D470F7BBD60008A61C5 /* TestHeader.h */,
				09309D480F7BBD60008A61C5 /* TestHeader.m */,
				09BEFEFE0F8B555900FD35CD /* ContainerObject.h */,
				09BEFEFF0F8B555900FD35CD /* ContainerObject.m */,
				09BEFF010F8B558200FD35CD /* NestedObject.h */,
				09BEFF020F8B558200FD35CD /* NestedObject.m */,
			);
			name = Utility;
			sourceTree = "<group>";
		};
		09309E8A0F7CD380008A61C5 /* CXMLClasses */ = {
			isa = PBXGroup;
			children = (
				09309E8B0F7CD380008A61C5 /* CXMLDocument.h */,
				09309E8C0F7CD380008A61C5 /* CXMLDocument.m */,
				09309E8D0F7CD380008A61C5 /* CXMLDocument_PrivateExtensions.h */,
				09309E8E0F7CD380008A61C5 /* CXMLDocument_PrivateExtensions.m */,
				09309E8F0F7CD380008A61C5 /* CXMLElement.h */,
				09309E900F7CD380008A61C5 /* CXMLElement.m */,
				09309E910F7CD380008A61C5 /* CXMLNode.h */,
				09309E920F7CD380008A61C5 /* CXMLNode.m */,
				09309E930F7CD380008A61C5 /* CXMLNode_PrivateExtensions.h */,
				09309E940F7CD380008A61C5 /* CXMLNode_PrivateExtensions.m */,
				09309E950F7CD380008A61C5 /* CXMLNode_XPathExtensions.h */,
				09309E960F7CD380008A61C5 /* CXMLNode_XPathExtensions.m */,
				09309E970F7CD380008A61C5 /* TouchXML.h */,
			);
			path = CXMLClasses;
			sourceTree = "<group>";
		};
		09BEFE560F8B52E900FD35CD /* libcommon */ = {
			isa = PBXGroup;
			children = (
				09BEFE570F8B52E900FD35CD /* Async */,
				09BEFE680F8B52E900FD35CD /* CGGeometry+Utils.h */,
				09BEFE690F8B52E900FD35CD /* CGGeometry+Utils.m */,
				09BEFE6A0F8B52E900FD35CD /* CollectionWindow.h */,
				09BEFE6B0F8B52E900FD35CD /* CollectionWindow.m */,
				09BEFE6C0F8B52E900FD35CD /* CommonUtils.h */,
				09BEFE760F8B52E900FD35CD /* Forms */,
				09BEFE950F8B52E900FD35CD /* Mapping */,
				09BEFE9D0F8B52E900FD35CD /* NSArray+Graphics.h */,
				09BEFE9E0F8B52E900FD35CD /* NSArray+Graphics.m */,
				09BEFE9F0F8B52E900FD35CD /* NSArray+Utils.h */,
				09BEFEA00F8B52E900FD35CD /* NSArray+Utils.m */,
				09BEFEA10F8B52E900FD35CD /* NSBundle+Utils.h */,
				09BEFEA20F8B52E900FD35CD /* NSBundle+Utils.m */,
				09BEFEA30F8B52E900FD35CD /* NSCoding.h */,
				09BEFEA40F8B52E900FD35CD /* NSData+Utils.h */,
				09BEFEA50F8B52E900FD35CD /* NSData+Utils.m */,
				09BEFEA60F8B52E900FD35CD /* NSDate+Utils.h */,
				09BEFEA70F8B52E900FD35CD /* NSDate+Utils.m */,
				09BEFEA80F8B52E900FD35CD /* NSError+Utils.h */,
				09BEFEA90F8B52EA00FD35CD /* NSError+Utils.m */,
				09BEFEAA0F8B52EA00FD35CD /* NSMutableArray+Utils.h */,
				09BEFEAB0F8B52EA00FD35CD /* NSMutableArray+Utils.m */,
				09BEFEAC0F8B52EA00FD35CD /* NSObject+Utils.h */,
				09BEFEAD0F8B52EA00FD35CD /* NSObject+Utils.m */,
				09BEFEAE0F8B52EA00FD35CD /* NSString+Utils.h */,
				09BEFEAF0F8B52EA00FD35CD /* NSString+Utils.m */,
				09BEFEB00F8B52EA00FD35CD /* NSUserDefaults+Utils.h */,
				09BEFEB10F8B52EA00FD35CD /* NSUserDefaults+Utils.m */,
				09BEFEB40F8B52EA00FD35CD /* Soap */,
				09BEFEBA0F8B52EA00FD35CD /* UIAlertView+Utils.h */,
				09BEFEBB0F8B52EA00FD35CD /* UIAlertView+Utils.m */,
				09BEFEBC0F8B52EA00FD35CD /* UIApplication+Utils.h */,
				09BEFEBD0F8B52EA00FD35CD /* UIApplication+Utils.m */,
				09BEFEBE0F8B52EA00FD35CD /* UIView+Utils.h */,
				09BEFEBF0F8B52EA00FD35CD /* UIView+Utils.m */,
				09BEFEC00F8B52EA00FD35CD /* UIWebView+Utils.h */,
				09BEFEC10F8B52EA00FD35CD /* UIWebView+Utils.m */,
				09BEFEC20F8B52EA00FD35CD /* View */,
				09BEFEC50F8B52EA00FD35CD /* Web */,
				09BEFEC80F8B52EA00FD35CD /* XMLWriter.h */,
				09BEFEC90F8B52EA00FD35CD /* XMLWriter.m */,
			);
			path = libcommon;
			sourceTree = "<group>";
		};
		09BEFE570F8B52E900FD35CD /* Async */ = {
			isa = PBXGroup;
			children = (
				09BEFE580F8B52E900FD35CD /* AsyncObject.h */,
				09BEFE590F8B52E900FD35CD /* AsyncObject.m */,
				09BEFE5A0F8B52E900FD35CD /* UIBlockingAsyncObject.h */,
				09BEFE5B0F8B52E900FD35CD /* UIBlockingAsyncObject.m */,
				09BEFE5C0F8B52E900FD35CD /* UIBlockingView.h */,
			);
			path = Async;
			sourceTree = "<group>";
		};
		09BEFE760F8B52E900FD35CD /* Forms */ = {
			isa = PBXGroup;
			children = (
				09BEFE770F8B52E900FD35CD /* AgreementCell.h */,
				09BEFE780F8B52E900FD35CD /* AgreementCell.m */,
				09BEFE790F8B52E900FD35CD /* AgreementController.h */,
				09BEFE7A0F8B52E900FD35CD /* AgreementController.m */,
				09BEFE7B0F8B52E900FD35CD /* DateTimeCell.h */,
				09BEFE7C0F8B52E900FD35CD /* DateTimeCell.m */,
				09BEFE7D0F8B52E900FD35CD /* FormCell.h */,
				09BEFE7E0F8B52E900FD35CD /* FormCell.m */,
				09BEFE7F0F8B52E900FD35CD /* FormController.h */,
				09BEFE800F8B52E900FD35CD /* FormController.m */,
				09BEFE810F8B52E900FD35CD /* FormDatePickerView.h */,
				09BEFE820F8B52E900FD35CD /* FormDatePickerView.m */,
				09BEFE830F8B52E900FD35CD /* FormFieldDescriptor.h */,
				09BEFE840F8B52E900FD35CD /* FormFieldDescriptor.m */,
				09BEFE850F8B52E900FD35CD /* FormTableController.h */,
				09BEFE860F8B52E900FD35CD /* FormTableController.m */,
				09BEFE870F8B52E900FD35CD /* ForwardingLabel.h */,
				09BEFE880F8B52E900FD35CD /* ForwardingLabel.m */,
				09BEFE890F8B52E900FD35CD /* SelectionController.h */,
				09BEFE8A0F8B52E900FD35CD /* SelectionController.m */,
				09BEFE8B0F8B52E900FD35CD /* StaticFormCell.h */,
				09BEFE8C0F8B52E900FD35CD /* StaticFormCell.m */,
				09BEFE8D0F8B52E900FD35CD /* SwitchCell.h */,
				09BEFE8E0F8B52E900FD35CD /* SwitchCell.m */,
				09BEFE8F0F8B52E900FD35CD /* TextEditController.h */,
				09BEFE900F8B52E900FD35CD /* TextEditController.m */,
				09BEFE910F8B52E900FD35CD /* TextFieldCell.h */,
				09BEFE920F8B52E900FD35CD /* TextFieldCell.m */,
				09BEFE930F8B52E900FD35CD /* TitledFormCell.h */,
				09BEFE940F8B52E900FD35CD /* TitledFormCell.m */,
			);
			path = Forms;
			sourceTree = "<group>";
		};
		09BEFE950F8B52E900FD35CD /* Mapping */ = {
			isa = PBXGroup;
			children = (
				09BEFE960F8B52E900FD35CD /* ClassMetadata.h */,
				09BEFE970F8B52E900FD35CD /* POXMapping.h */,
				09BEFE980F8B52E900FD35CD /* POXMapping.m */,
				09BEFE990F8B52E900FD35CD /* POXMappingUtil.h */,
				09BEFE9A0F8B52E900FD35CD /* POXMappingUtil.m */,
				09BEFE9B0F8B52E900FD35CD /* SelfDescribing.h */,
				09BEFE9C0F8B52E900FD35CD /* SelfDescribing.m */,
			);
			path = Mapping;
			sourceTree = "<group>";
		};
		09BEFEB40F8B52EA00FD35CD /* Soap */ = {
			isa = PBXGroup;
			children = (
				09BEFEB70F8B52EA00FD35CD /* SoapEntityProto.h */,
				09BEFEB50F8B52EA00FD35CD /* SoapEnveloper.h */,
				09BEFEB60F8B52EA00FD35CD /* SoapEnveloper.m */,
				09BEFEB80F8B52EA00FD35CD /* SoapDeenveloper.h */,
				09BEFEB90F8B52EA00FD35CD /* SoapDeenveloper.m */,
				09BE00880F8BB43E00FD35CD /* CustomSoapEntity.h */,
				09BE00890F8BB43E00FD35CD /* CustomSoapEntity.m */,
			);
			path = Soap;
			sourceTree = "<group>";
		};
		09BEFEC20F8B52EA00FD35CD /* View */ = {
			isa = PBXGroup;
			children = (
				09BEFEC30F8B52EA00FD35CD /* UITableViewCell+NIB.h */,
				09BEFEC40F8B52EA00FD35CD /* UITableViewCell+NIB.m */,
			);
			path = View;
			sourceTree = "<group>";
		};
		09BEFEC50F8B52EA00FD35CD /* Web */ = {
			isa = PBXGroup;
			children = (
				09BEFEC60F8B52EA00FD35CD /* RESTService.h */,
				09BEFEC70F8B52EA00FD35CD /* RESTService.m */,
			);
			path = Web;
			sourceTree = "<group>";
		};
		19C28FACFE9D520D11CA2CBB /* Products */ = {
			isa = PBXGroup;
			children = (
				09309B990F7B924A008A61C5 /* SoapTest.app */,
			);
			name = Products;
			sourceTree = "<group>";
		};
		29B97314FDCFA39411CA2CEA /* CustomTemplate */ = {
			isa = PBXGroup;
			children = (
				09309C5C0F7B9380008A61C5 /* Tests */,
				09309C640F7B96B5008A61C5 /* Utility */,
				09309BA70F7B9284008A61C5 /* TestUnit */,
				29B97323FDCFA39411CA2CEA /* Frameworks */,
				09309BBD0F7B9304008A61C5 /* Other Sources */,
				19C28FACFE9D520D11CA2CBB /* Products */,
				09309B9B0F7B924A008A61C5 /* SoapTest-Info.plist */,
			);
			name = CustomTemplate;
			sourceTree = "<group>";
		};
		29B97323FDCFA39411CA2CEA /* Frameworks */ = {
			isa = PBXGroup;
			children = (
				1DF5F4DF0D08C38300B7A737 /* UIKit.framework */,
				1D30AB110D05D00D00671497 /* Foundation.framework */,
				288765FC0DF74451002DB57D /* CoreGraphics.framework */,
			);
			name = Frameworks;
			sourceTree = "<group>";
		};
/* End PBXGroup section */

/* Begin PBXNativeTarget section */
		09309B980F7B924A008A61C5 /* SoapTest */ = {
			isa = PBXNativeTarget;
			buildConfigurationList = 09309B9E0F7B924B008A61C5 /* Build configuration list for PBXNativeTarget "SoapTest" */;
			buildPhases = (
				09309B950F7B924A008A61C5 /* Resources */,
				09309B960F7B924A008A61C5 /* Sources */,
				09309B970F7B924A008A61C5 /* Frameworks */,
				09309BA00F7B9250008A61C5 /* ShellScript */,
			);
			buildRules = (
			);
			dependencies = (
			);
			name = SoapTest;
			productName = SoapTest;
			productReference = 09309B990F7B924A008A61C5 /* SoapTest.app */;
			productType = "com.apple.product-type.application";
		};
/* End PBXNativeTarget section */

/* Begin PBXProject section */
		29B97313FDCFA39411CA2CEA /* Project object */ = {
			isa = PBXProject;
			buildConfigurationList = C01FCF4E08A954540054247B /* Build configuration list for PBXProject "SoapTest" */;
			compatibilityVersion = "Xcode 3.1";
			hasScannedForEncodings = 1;
			mainGroup = 29B97314FDCFA39411CA2CEA /* CustomTemplate */;
			projectDirPath = "";
			projectRoot = "";
			targets = (
				09309B980F7B924A008A61C5 /* SoapTest */,
			);
		};
/* End PBXProject section */

/* Begin PBXResourcesBuildPhase section */
		09309B950F7B924A008A61C5 /* Resources */ = {
			isa = PBXResourcesBuildPhase;
			buildActionMask = 2147483647;
			files = (
			);
			runOnlyForDeploymentPostprocessing = 0;
		};
/* End PBXResourcesBuildPhase section */

/* Begin PBXShellScriptBuildPhase section */
		09309BA00F7B9250008A61C5 /* ShellScript */ = {
			isa = PBXShellScriptBuildPhase;
			buildActionMask = 2147483647;
			files = (
			);
			inputPaths = (
			);
			outputPaths = (
			);
			runOnlyForDeploymentPostprocessing = 0;
			shellPath = /bin/sh;
			shellScript = "/Users/ilya/Projects/google-toolbox-for-mac-1-5-1/UnitTesting/RunIPhoneUnitTest.sh";
		};
/* End PBXShellScriptBuildPhase section */

/* Begin PBXSourcesBuildPhase section */
		09309B960F7B924A008A61C5 /* Sources */ = {
			isa = PBXSourcesBuildPhase;
			buildActionMask = 2147483647;
			files = (
				09309BAD0F7B92A3008A61C5 /* GTMIPhoneUnitTestDelegate.m in Sources */,
				09309BAE0F7B92A3008A61C5 /* GTMIPhoneUnitTestMain.m in Sources */,
				09309BAF0F7B92A3008A61C5 /* GTMSenTestCase.m in Sources */,
				09309C5F0F7B938D008A61C5 /* SoapEnveloperTest.m in Sources */,
				09309C630F7B944F008A61C5 /* TestObject.m in Sources */,
				09309D490F7BBD60008A61C5 /* TestHeader.m in Sources */,
				09309E0A0F7CBAD7008A61C5 /* SoapDeenveloperTest.m in Sources */,
				09309E450F7CC83E008A61C5 /* TestObjectTest.m in Sources */,
				09309E980F7CD380008A61C5 /* CXMLDocument.m in Sources */,
				09309E990F7CD380008A61C5 /* CXMLDocument_PrivateExtensions.m in Sources */,
				09309E9A0F7CD380008A61C5 /* CXMLElement.m in Sources */,
				09309E9B0F7CD380008A61C5 /* CXMLNode.m in Sources */,
				09309E9C0F7CD380008A61C5 /* CXMLNode_PrivateExtensions.m in Sources */,
				09309E9D0F7CD380008A61C5 /* CXMLNode_XPathExtensions.m in Sources */,
				09BEFECA0F8B52EA00FD35CD /* AsyncObject.m in Sources */,
				09BEFECB0F8B52EA00FD35CD /* UIBlockingAsyncObject.m in Sources */,
				09BEFED10F8B52EA00FD35CD /* CGGeometry+Utils.m in Sources */,
				09BEFED20F8B52EA00FD35CD /* CollectionWindow.m in Sources */,
				09BEFED70F8B52EA00FD35CD /* AgreementCell.m in Sources */,
				09BEFED80F8B52EA00FD35CD /* AgreementController.m in Sources */,
				09BEFED90F8B52EA00FD35CD /* DateTimeCell.m in Sources */,
				09BEFEDA0F8B52EA00FD35CD /* FormCell.m in Sources */,
				09BEFEDB0F8B52EA00FD35CD /* FormController.m in Sources */,
				09BEFEDC0F8B52EA00FD35CD /* FormDatePickerView.m in Sources */,
				09BEFEDD0F8B52EA00FD35CD /* FormFieldDescriptor.m in Sources */,
				09BEFEDE0F8B52EA00FD35CD /* FormTableController.m in Sources */,
				09BEFEDF0F8B52EA00FD35CD /* ForwardingLabel.m in Sources */,
				09BEFEE00F8B52EA00FD35CD /* SelectionController.m in Sources */,
				09BEFEE10F8B52EA00FD35CD /* StaticFormCell.m in Sources */,
				09BEFEE20F8B52EA00FD35CD /* SwitchCell.m in Sources */,
				09BEFEE30F8B52EA00FD35CD /* TextEditController.m in Sources */,
				09BEFEE40F8B52EA00FD35CD /* TextFieldCell.m in Sources */,
				09BEFEE50F8B52EA00FD35CD /* TitledFormCell.m in Sources */,
				09BEFEE60F8B52EA00FD35CD /* POXMapping.m in Sources */,
				09BEFEE70F8B52EA00FD35CD /* POXMappingUtil.m in Sources */,
				09BEFEE80F8B52EA00FD35CD /* SelfDescribing.m in Sources */,
				09BEFEE90F8B52EA00FD35CD /* NSArray+Graphics.m in Sources */,
				09BEFEEA0F8B52EA00FD35CD /* NSArray+Utils.m in Sources */,
				09BEFEEB0F8B52EA00FD35CD /* NSBundle+Utils.m in Sources */,
				09BEFEEC0F8B52EA00FD35CD /* NSData+Utils.m in Sources */,
				09BEFEED0F8B52EA00FD35CD /* NSDate+Utils.m in Sources */,
				09BEFEEE0F8B52EA00FD35CD /* NSError+Utils.m in Sources */,
				09BEFEEF0F8B52EA00FD35CD /* NSMutableArray+Utils.m in Sources */,
				09BEFEF00F8B52EA00FD35CD /* NSObject+Utils.m in Sources */,
				09BEFEF10F8B52EA00FD35CD /* NSString+Utils.m in Sources */,
				09BEFEF20F8B52EA00FD35CD /* NSUserDefaults+Utils.m in Sources */,
				09BEFEF40F8B52EA00FD35CD /* SoapEnveloper.m in Sources */,
				09BEFEF50F8B52EA00FD35CD /* SoapDeenveloper.m in Sources */,
				09BEFEF60F8B52EA00FD35CD /* UIAlertView+Utils.m in Sources */,
				09BEFEF70F8B52EA00FD35CD /* UIApplication+Utils.m in Sources */,
				09BEFEF80F8B52EA00FD35CD /* UIView+Utils.m in Sources */,
				09BEFEF90F8B52EA00FD35CD /* UIWebView+Utils.m in Sources */,
				09BEFEFA0F8B52EA00FD35CD /* UITableViewCell+NIB.m in Sources */,
				09BEFEFB0F8B52EA00FD35CD /* RESTService.m in Sources */,
				09BEFEFC0F8B52EA00FD35CD /* XMLWriter.m in Sources */,
				09BEFF000F8B555900FD35CD /* ContainerObject.m in Sources */,
				09BEFF030F8B558200FD35CD /* NestedObject.m in Sources */,
				09BE008A0F8BB43E00FD35CD /* CustomSoapEntity.m in Sources */,
			);
			runOnlyForDeploymentPostprocessing = 0;
		};
/* End PBXSourcesBuildPhase section */

/* Begin XCBuildConfiguration section */
		09309B9C0F7B924B008A61C5 /* Debug */ = {
			isa = XCBuildConfiguration;
			buildSettings = {
				ALWAYS_SEARCH_USER_PATHS = NO;
				CODE_SIGN_IDENTITY = "iPhone Developer";
				COPY_PHASE_STRIP = NO;
				GCC_DYNAMIC_NO_PIC = NO;
				GCC_OPTIMIZATION_LEVEL = 0;
				GCC_PRECOMPILE_PREFIX_HEADER = YES;
				GCC_PREFIX_HEADER = "$(SYSTEM_LIBRARY_DIR)/Frameworks/UIKit.framework/Headers/UIKit.h";
				INFOPLIST_FILE = "SoapTest-Info.plist";
				INSTALL_PATH = "$(HOME)/Applications";
				OTHER_LDFLAGS = (
					"-framework",
					Foundation,
					"-framework",
					UIKit,
					"-lxml2",
				);
				PREBINDING = NO;
				PRODUCT_NAME = SoapTest;
				SDKROOT = iphoneos2.2.1;
			};
			name = Debug;
		};
		09309B9D0F7B924B008A61C5 /* Release */ = {
			isa = XCBuildConfiguration;
			buildSettings = {
				ALWAYS_SEARCH_USER_PATHS = NO;
				CODE_SIGN_IDENTITY = "iPhone Developer";
				COPY_PHASE_STRIP = YES;
				DEBUG_INFORMATION_FORMAT = "dwarf-with-dsym";
				GCC_ENABLE_FIX_AND_CONTINUE = NO;
				GCC_PRECOMPILE_PREFIX_HEADER = YES;
				GCC_PREFIX_HEADER = "$(SYSTEM_LIBRARY_DIR)/Frameworks/UIKit.framework/Headers/UIKit.h";
				INFOPLIST_FILE = "SoapTest-Info.plist";
				INSTALL_PATH = "$(HOME)/Applications";
				OTHER_LDFLAGS = (
					"-framework",
					Foundation,
					"-framework",
					UIKit,
					"-lxml2",
				);
				PREBINDING = NO;
				PRODUCT_NAME = SoapTest;
				SDKROOT = iphoneos2.2.1;
				ZERO_LINK = NO;
			};
			name = Release;
		};
		C01FCF4F08A954540054247B /* Debug */ = {
			isa = XCBuildConfiguration;
			buildSettings = {
				ARCHS = "$(ARCHS_STANDARD_32_BIT)";
				"CODE_SIGN_IDENTITY[sdk=iphoneos*]" = "iPhone Developer";
				GCC_C_LANGUAGE_STANDARD = c99;
				GCC_WARN_ABOUT_RETURN_TYPE = YES;
				GCC_WARN_UNUSED_VARIABLE = YES;
				HEADER_SEARCH_PATHS = /usr/include/libxml2;
				ONLY_ACTIVE_ARCH = YES;
				OTHER_LDFLAGS = "-lxml2";
				PREBINDING = NO;
				SDKROOT = iphoneos2.2.1;
			};
			name = Debug;
		};
		C01FCF5008A954540054247B /* Release */ = {
			isa = XCBuildConfiguration;
			buildSettings = {
				ARCHS = "$(ARCHS_STANDARD_32_BIT)";
				"CODE_SIGN_IDENTITY[sdk=iphoneos*]" = "iPhone Developer";
				GCC_C_LANGUAGE_STANDARD = c99;
				GCC_WARN_ABOUT_RETURN_TYPE = YES;
				GCC_WARN_UNUSED_VARIABLE = YES;
				HEADER_SEARCH_PATHS = /usr/include/libxml2;
				OTHER_LDFLAGS = "-lxml2";
				PREBINDING = NO;
				SDKROOT = iphoneos2.2.1;
			};
			name = Release;
		};
/* End XCBuildConfiguration section */

/* Begin XCConfigurationList section */
		09309B9E0F7B924B008A61C5 /* Build configuration list for PBXNativeTarget "SoapTest" */ = {
			isa = XCConfigurationList;
			buildConfigurations = (
				09309B9C0F7B924B008A61C5 /* Debug */,
				09309B9D0F7B924B008A61C5 /* Release */,
			);
			defaultConfigurationIsVisible = 0;
			defaultConfigurationName = Release;
		};
		C01FCF4E08A954540054247B /* Build configuration list for PBXProject "SoapTest" */ = {
			isa = XCConfigurationList;
			buildConfigurations = (
				C01FCF4F08A954540054247B /* Debug */,
				C01FCF5008A954540054247B /* Release */,
			);
			defaultConfigurationIsVisible = 0;
			defaultConfigurationName = Release;
		};
/* End XCConfigurationList section */
	};
	rootObject = 29B97313FDCFA39411CA2CEA /* Project object */;
}
